
Microsoft Visual Studio Solution File, Format Version 12.00
# Visual Studio Version 16
VisualStudioVersion = 16.0.34601.136
MinimumVisualStudioVersion = 10.0.40219.1
Project("{FAE04EC0-301F-11D3-BF4B-00C04F79EFBC}") = "01_FirstProgram", "01_FirstProgram\01_FirstProgram.csproj", "{86AE5186-4EC7-405D-94BA-CF2A8905A970}"
EndProject
Project("{FAE04EC0-301F-11D3-BF4B-00C04F79EFBC}") = "02_Variables", "02_Variables\02_Variables.csproj", "{C67FE059-ACF7-4911-8B76-FB6B7A6E902C}"
EndProject
Project("{FAE04EC0-301F-11D3-BF4B-00C04F79EFBC}") = "03_PrimitiveType", "03_PrimitiveType\03_PrimitiveType.csproj", "{43F72691-792E-4C1A-9EF0-06C00712D1C0}"
EndProject
Project("{FAE04EC0-301F-11D3-BF4B-00C04F79EFBC}") = "04_IFstatement", "04_IFstatement\04_IFstatement.csproj", "{7EAE4E1D-0571-46FF-9DA2-F6D9B379BCAA}"
EndProject
Project("{FAE04EC0-301F-11D3-BF4B-00C04F79EFBC}") = "05_IfElseStatement", "05_IfElseStatement\05_IfElseStatement.csproj", "{265F2A85-BA6F-4623-A9C6-61E3CDACC797}"
EndProject
Project("{FAE04EC0-301F-11D3-BF4B-00C04F79EFBC}") = "06_IfElseIf_Statement", "06_IfElseIf_Statement\06_IfElseIf_Statement.csproj", "{9683FF67-04E8-4774-B61E-69DCA473ED15}"
EndProject
Project("{FAE04EC0-301F-11D3-BF4B-00C04F79EFBC}") = "07_NestedIf", "07_NestedIf\07_NestedIf.csproj", "{CC8E2702-0070-4FF0-B721-01E69836D2C9}"
EndProject
Project("{FAE04EC0-301F-11D3-BF4B-00C04F79EFBC}") = "08_SwitchCase", "08_SwitchCase\08_SwitchCase.csproj", "{8984C61F-77AD-46FE-9E16-B4F427FB7484}"
EndProject
Project("{FAE04EC0-301F-11D3-BF4B-00C04F79EFBC}") = "09_WhileLoop", "09_WhileLoop\09_WhileLoop.csproj", "{BA61B6B7-CE71-40A9-B20B-C14FBC1157E3}"
EndProject
Project("{FAE04EC0-301F-11D3-BF4B-00C04F79EFBC}") = "10_DoWhileLoop", "10_DoWhileLoop\10_DoWhileLoop.csproj", "{0BFFE0D2-9CF4-4CB9-93F2-3AD7D1B6177C}"
EndProject
Project("{FAE04EC0-301F-11D3-BF4B-00C04F79EFBC}") = "11_ForLoop", "11_ForLoop\11_ForLoop.csproj", "{27B23F24-11AA-49D4-81DD-A6401C469F8F}"
EndProject
Project("{FAE04EC0-301F-11D3-BF4B-00C04F79EFBC}") = "12_BreakStatement", "12_BreakStatement\12_BreakStatement.csproj", "{C683C405-7A7C-401A-9457-F029934FE081}"
EndProject
Project("{FAE04EC0-301F-11D3-BF4B-00C04F79EFBC}") = "13_ContinueStatement", "13_ContinueStatement\13_ContinueStatement.csproj", "{950C809E-D9FC-4BAE-B94E-52C09D4FB663}"
EndProject
Project("{FAE04EC0-301F-11D3-BF4B-00C04F79EFBC}") = "14_NestedForLoop", "14_NestedForLoop\14_NestedForLoop.csproj", "{B769C5CA-DDCA-41E3-8AE4-20284B89967E}"
EndProject
Project("{FAE04EC0-301F-11D3-BF4B-00C04F79EFBC}") = "15_GotoStatement", "15_GotoStatement\15_GotoStatement.csproj", "{1EB2E75A-3A1D-40FB-BFE2-D7E227FC99BD}"
EndProject
Project("{FAE04EC0-301F-11D3-BF4B-00C04F79EFBC}") = "16_ClassExample", "16_ClassExample\16_ClassExample.csproj", "{049FD72F-CDCD-477F-A6A0-CA325D8D3B15}"
EndProject
Project("{FAE04EC0-301F-11D3-BF4B-00C04F79EFBC}") = "17_Fields", "17_Fields\17_Fields.csproj", "{5CB68DE4-CD1E-444B-BED1-A71E903A826E}"
EndProject
Project("{FAE04EC0-301F-11D3-BF4B-00C04F79EFBC}") = "17_FieldClassLibraryExample", "17_FieldClassLibraryExample\17_FieldClassLibraryExample.csproj", "{ABFEE57D-7067-42BD-A4AF-29828C81F5F9}"
EndProject
Project("{FAE04EC0-301F-11D3-BF4B-00C04F79EFBC}") = "18_StaticFieldLibrary", "18_StaticFieldLibrary\18_StaticFieldLibrary.csproj", "{1C28F989-EAED-4656-9867-B7745D63FF97}"
EndProject
Project("{FAE04EC0-301F-11D3-BF4B-00C04F79EFBC}") = "18_StaticField", "18_StaticField\18_StaticField.csproj", "{A96BA4EB-86C0-467C-A8AA-396DCE310231}"
EndProject
Project("{FAE04EC0-301F-11D3-BF4B-00C04F79EFBC}") = "19_MethodExample", "19_MethodExample\19_MethodExample.csproj", "{252917DD-C0F2-49C1-AAAA-E215EC427FDD}"
EndProject
Project("{FAE04EC0-301F-11D3-BF4B-00C04F79EFBC}") = "20_Encapsulation_Ex1", "20_Encapsulation_Ex1\20_Encapsulation_Ex1.csproj", "{9E1CF931-3D97-4C96-AAEF-1415F3FDAEE6}"
EndProject
Project("{FAE04EC0-301F-11D3-BF4B-00C04F79EFBC}") = "21_DefaultParameter", "21_DefaultParameter\21_DefaultParameter.csproj", "{BDA2AD89-7636-41A9-93E7-E39F165286A6}"
EndProject
Project("{FAE04EC0-301F-11D3-BF4B-00C04F79EFBC}") = "22_NamedArguments", "22_NamedArguments\22_NamedArguments.csproj", "{7FB74694-DD39-40F5-9D68-C40103E9A9CF}"
EndProject
Project("{FAE04EC0-301F-11D3-BF4B-00C04F79EFBC}") = "23_MethodOverloading", "23_MethodOverloading\23_MethodOverloading.csproj", "{E905B508-5A36-42B9-BA2D-719A08FC1200}"
EndProject
Project("{FAE04EC0-301F-11D3-BF4B-00C04F79EFBC}") = "24_DefaultModifier", "24_DefaultModifier\24_DefaultModifier.csproj", "{1BE1B984-3152-4E75-A386-802839E414C2}"
EndProject
Project("{FAE04EC0-301F-11D3-BF4B-00C04F79EFBC}") = "25_refKeyword", "25_refKeyword\25_refKeyword.csproj", "{28DF9A95-FE24-42BC-8340-EF3EABDC4362}"
EndProject
Project("{FAE04EC0-301F-11D3-BF4B-00C04F79EFBC}") = "26_outModifier", "26_outModifier\26_outModifier.csproj", "{D039113D-32CC-44EF-958A-33A350DD185F}"
EndProject
Project("{FAE04EC0-301F-11D3-BF4B-00C04F79EFBC}") = "27_outVariableDeclaration", "27_outVariableDeclaration\27_outVariableDeclaration.csproj", "{9F901115-87AF-4A24-9C86-4DDBE5546FD3}"
EndProject
Project("{FAE04EC0-301F-11D3-BF4B-00C04F79EFBC}") = "28_inParameterModifier", "28_inParameterModifier\28_inParameterModifier.csproj", "{5E90E3CB-6E2C-46F9-AF81-507BA4714EBD}"
EndProject
Project("{FAE04EC0-301F-11D3-BF4B-00C04F79EFBC}") = "29_refreturn", "29_refreturn\29_refreturn.csproj", "{E24FB134-2CF1-4AB1-8429-90EA0E82A9DF}"
EndProject
Project("{FAE04EC0-301F-11D3-BF4B-00C04F79EFBC}") = "30_paramasExample", "30_paramasExample\30_paramasExample.csproj", "{D8A74651-EFB0-45EA-BFF7-9C95B4500412}"
EndProject
Project("{FAE04EC0-301F-11D3-BF4B-00C04F79EFBC}") = "31_LocalFunctions", "31_LocalFunctions\31_LocalFunctions.csproj", "{2BB89D23-6401-43C6-9223-567A3C1176B9}"
EndProject
Project("{FAE04EC0-301F-11D3-BF4B-00C04F79EFBC}") = "32_StaticLocalFunction", "32_StaticLocalFunction\32_StaticLocalFunction.csproj", "{382BDB49-EC8B-46F1-AFA9-00C347E4DF72}"
EndProject
Project("{FAE04EC0-301F-11D3-BF4B-00C04F79EFBC}") = "33_Recursion", "33_Recursion\33_Recursion.csproj", "{200363CD-B0A0-4634-9E21-F42B4CF9ACA3}"
EndProject
Project("{FAE04EC0-301F-11D3-BF4B-00C04F79EFBC}") = "34_ImplicitConversion", "34_ImplicitConversion\34_ImplicitConversion.csproj", "{C8012654-B0D6-4D52-9EFA-DC0410713AD7}"
EndProject
Project("{FAE04EC0-301F-11D3-BF4B-00C04F79EFBC}") = "35_ExplicitCasting", "35_ExplicitCasting\35_ExplicitCasting.csproj", "{D33A23A0-0BBA-423A-A32F-AF7C5C0C7C0C}"
EndProject
Project("{FAE04EC0-301F-11D3-BF4B-00C04F79EFBC}") = "35_Parsing", "35_Parsing\35_Parsing.csproj", "{5A6070CB-3628-4853-9C9D-9F3574F4DE9D}"
EndProject
Project("{FAE04EC0-301F-11D3-BF4B-00C04F79EFBC}") = "36_TryParse", "36_TryParse\36_TryParse.csproj", "{012005CB-EBAB-47A5-8D2D-0704BC5A35D1}"
EndProject
Project("{FAE04EC0-301F-11D3-BF4B-00C04F79EFBC}") = "37_ConversionMethod", "37_ConversionMethod\37_ConversionMethod.csproj", "{88650F9D-5AD1-45E9-84A4-7C568B68561F}"
EndProject
Project("{FAE04EC0-301F-11D3-BF4B-00C04F79EFBC}") = "38_ConstructorExample", "38_ConstructorExample\38_ConstructorExample.csproj", "{136DD802-B0FB-435E-A1C2-A8984723E8A0}"
EndProject
Project("{FAE04EC0-301F-11D3-BF4B-00C04F79EFBC}") = "39_StaticConstructorExample", "39_StaticConstructorExample\39_StaticConstructorExample.csproj", "{B0E1DCEE-9B92-429C-B510-021D042F185D}"
EndProject
Project("{FAE04EC0-301F-11D3-BF4B-00C04F79EFBC}") = "40_ConstructorOverloading", "40_ConstructorOverloading\40_ConstructorOverloading.csproj", "{E1565917-EAC1-4DA5-A033-F6F71CA1B9D6}"
EndProject
Project("{FAE04EC0-301F-11D3-BF4B-00C04F79EFBC}") = "41_ObjectInitializer", "41_ObjectInitializer\41_ObjectInitializer.csproj", "{095C84D9-9EE5-499C-8CBB-8431CD7154BF}"
EndProject
Global
	GlobalSection(SolutionConfigurationPlatforms) = preSolution
		Debug|Any CPU = Debug|Any CPU
		Release|Any CPU = Release|Any CPU
	EndGlobalSection
	GlobalSection(ProjectConfigurationPlatforms) = postSolution
		{86AE5186-4EC7-405D-94BA-CF2A8905A970}.Debug|Any CPU.ActiveCfg = Debug|Any CPU
		{86AE5186-4EC7-405D-94BA-CF2A8905A970}.Debug|Any CPU.Build.0 = Debug|Any CPU
		{86AE5186-4EC7-405D-94BA-CF2A8905A970}.Release|Any CPU.ActiveCfg = Release|Any CPU
		{86AE5186-4EC7-405D-94BA-CF2A8905A970}.Release|Any CPU.Build.0 = Release|Any CPU
		{C67FE059-ACF7-4911-8B76-FB6B7A6E902C}.Debug|Any CPU.ActiveCfg = Debug|Any CPU
		{C67FE059-ACF7-4911-8B76-FB6B7A6E902C}.Debug|Any CPU.Build.0 = Debug|Any CPU
		{C67FE059-ACF7-4911-8B76-FB6B7A6E902C}.Release|Any CPU.ActiveCfg = Release|Any CPU
		{C67FE059-ACF7-4911-8B76-FB6B7A6E902C}.Release|Any CPU.Build.0 = Release|Any CPU
		{43F72691-792E-4C1A-9EF0-06C00712D1C0}.Debug|Any CPU.ActiveCfg = Debug|Any CPU
		{43F72691-792E-4C1A-9EF0-06C00712D1C0}.Debug|Any CPU.Build.0 = Debug|Any CPU
		{43F72691-792E-4C1A-9EF0-06C00712D1C0}.Release|Any CPU.ActiveCfg = Release|Any CPU
		{43F72691-792E-4C1A-9EF0-06C00712D1C0}.Release|Any CPU.Build.0 = Release|Any CPU
		{7EAE4E1D-0571-46FF-9DA2-F6D9B379BCAA}.Debug|Any CPU.ActiveCfg = Debug|Any CPU
		{7EAE4E1D-0571-46FF-9DA2-F6D9B379BCAA}.Debug|Any CPU.Build.0 = Debug|Any CPU
		{7EAE4E1D-0571-46FF-9DA2-F6D9B379BCAA}.Release|Any CPU.ActiveCfg = Release|Any CPU
		{7EAE4E1D-0571-46FF-9DA2-F6D9B379BCAA}.Release|Any CPU.Build.0 = Release|Any CPU
		{265F2A85-BA6F-4623-A9C6-61E3CDACC797}.Debug|Any CPU.ActiveCfg = Debug|Any CPU
		{265F2A85-BA6F-4623-A9C6-61E3CDACC797}.Debug|Any CPU.Build.0 = Debug|Any CPU
		{265F2A85-BA6F-4623-A9C6-61E3CDACC797}.Release|Any CPU.ActiveCfg = Release|Any CPU
		{265F2A85-BA6F-4623-A9C6-61E3CDACC797}.Release|Any CPU.Build.0 = Release|Any CPU
		{9683FF67-04E8-4774-B61E-69DCA473ED15}.Debug|Any CPU.ActiveCfg = Debug|Any CPU
		{9683FF67-04E8-4774-B61E-69DCA473ED15}.Debug|Any CPU.Build.0 = Debug|Any CPU
		{9683FF67-04E8-4774-B61E-69DCA473ED15}.Release|Any CPU.ActiveCfg = Release|Any CPU
		{9683FF67-04E8-4774-B61E-69DCA473ED15}.Release|Any CPU.Build.0 = Release|Any CPU
		{CC8E2702-0070-4FF0-B721-01E69836D2C9}.Debug|Any CPU.ActiveCfg = Debug|Any CPU
		{CC8E2702-0070-4FF0-B721-01E69836D2C9}.Debug|Any CPU.Build.0 = Debug|Any CPU
		{CC8E2702-0070-4FF0-B721-01E69836D2C9}.Release|Any CPU.ActiveCfg = Release|Any CPU
		{CC8E2702-0070-4FF0-B721-01E69836D2C9}.Release|Any CPU.Build.0 = Release|Any CPU
		{8984C61F-77AD-46FE-9E16-B4F427FB7484}.Debug|Any CPU.ActiveCfg = Debug|Any CPU
		{8984C61F-77AD-46FE-9E16-B4F427FB7484}.Debug|Any CPU.Build.0 = Debug|Any CPU
		{8984C61F-77AD-46FE-9E16-B4F427FB7484}.Release|Any CPU.ActiveCfg = Release|Any CPU
		{8984C61F-77AD-46FE-9E16-B4F427FB7484}.Release|Any CPU.Build.0 = Release|Any CPU
		{BA61B6B7-CE71-40A9-B20B-C14FBC1157E3}.Debug|Any CPU.ActiveCfg = Debug|Any CPU
		{BA61B6B7-CE71-40A9-B20B-C14FBC1157E3}.Debug|Any CPU.Build.0 = Debug|Any CPU
		{BA61B6B7-CE71-40A9-B20B-C14FBC1157E3}.Release|Any CPU.ActiveCfg = Release|Any CPU
		{BA61B6B7-CE71-40A9-B20B-C14FBC1157E3}.Release|Any CPU.Build.0 = Release|Any CPU
		{0BFFE0D2-9CF4-4CB9-93F2-3AD7D1B6177C}.Debug|Any CPU.ActiveCfg = Debug|Any CPU
		{0BFFE0D2-9CF4-4CB9-93F2-3AD7D1B6177C}.Debug|Any CPU.Build.0 = Debug|Any CPU
		{0BFFE0D2-9CF4-4CB9-93F2-3AD7D1B6177C}.Release|Any CPU.ActiveCfg = Release|Any CPU
		{0BFFE0D2-9CF4-4CB9-93F2-3AD7D1B6177C}.Release|Any CPU.Build.0 = Release|Any CPU
		{27B23F24-11AA-49D4-81DD-A6401C469F8F}.Debug|Any CPU.ActiveCfg = Debug|Any CPU
		{27B23F24-11AA-49D4-81DD-A6401C469F8F}.Debug|Any CPU.Build.0 = Debug|Any CPU
		{27B23F24-11AA-49D4-81DD-A6401C469F8F}.Release|Any CPU.ActiveCfg = Release|Any CPU
		{27B23F24-11AA-49D4-81DD-A6401C469F8F}.Release|Any CPU.Build.0 = Release|Any CPU
		{C683C405-7A7C-401A-9457-F029934FE081}.Debug|Any CPU.ActiveCfg = Debug|Any CPU
		{C683C405-7A7C-401A-9457-F029934FE081}.Debug|Any CPU.Build.0 = Debug|Any CPU
		{C683C405-7A7C-401A-9457-F029934FE081}.Release|Any CPU.ActiveCfg = Release|Any CPU
		{C683C405-7A7C-401A-9457-F029934FE081}.Release|Any CPU.Build.0 = Release|Any CPU
		{950C809E-D9FC-4BAE-B94E-52C09D4FB663}.Debug|Any CPU.ActiveCfg = Debug|Any CPU
		{950C809E-D9FC-4BAE-B94E-52C09D4FB663}.Debug|Any CPU.Build.0 = Debug|Any CPU
		{950C809E-D9FC-4BAE-B94E-52C09D4FB663}.Release|Any CPU.ActiveCfg = Release|Any CPU
		{950C809E-D9FC-4BAE-B94E-52C09D4FB663}.Release|Any CPU.Build.0 = Release|Any CPU
		{B769C5CA-DDCA-41E3-8AE4-20284B89967E}.Debug|Any CPU.ActiveCfg = Debug|Any CPU
		{B769C5CA-DDCA-41E3-8AE4-20284B89967E}.Debug|Any CPU.Build.0 = Debug|Any CPU
		{B769C5CA-DDCA-41E3-8AE4-20284B89967E}.Release|Any CPU.ActiveCfg = Release|Any CPU
		{B769C5CA-DDCA-41E3-8AE4-20284B89967E}.Release|Any CPU.Build.0 = Release|Any CPU
		{1EB2E75A-3A1D-40FB-BFE2-D7E227FC99BD}.Debug|Any CPU.ActiveCfg = Debug|Any CPU
		{1EB2E75A-3A1D-40FB-BFE2-D7E227FC99BD}.Debug|Any CPU.Build.0 = Debug|Any CPU
		{1EB2E75A-3A1D-40FB-BFE2-D7E227FC99BD}.Release|Any CPU.ActiveCfg = Release|Any CPU
		{1EB2E75A-3A1D-40FB-BFE2-D7E227FC99BD}.Release|Any CPU.Build.0 = Release|Any CPU
		{049FD72F-CDCD-477F-A6A0-CA325D8D3B15}.Debug|Any CPU.ActiveCfg = Debug|Any CPU
		{049FD72F-CDCD-477F-A6A0-CA325D8D3B15}.Debug|Any CPU.Build.0 = Debug|Any CPU
		{049FD72F-CDCD-477F-A6A0-CA325D8D3B15}.Release|Any CPU.ActiveCfg = Release|Any CPU
		{049FD72F-CDCD-477F-A6A0-CA325D8D3B15}.Release|Any CPU.Build.0 = Release|Any CPU
		{5CB68DE4-CD1E-444B-BED1-A71E903A826E}.Debug|Any CPU.ActiveCfg = Debug|Any CPU
		{5CB68DE4-CD1E-444B-BED1-A71E903A826E}.Debug|Any CPU.Build.0 = Debug|Any CPU
		{5CB68DE4-CD1E-444B-BED1-A71E903A826E}.Release|Any CPU.ActiveCfg = Release|Any CPU
		{5CB68DE4-CD1E-444B-BED1-A71E903A826E}.Release|Any CPU.Build.0 = Release|Any CPU
		{ABFEE57D-7067-42BD-A4AF-29828C81F5F9}.Debug|Any CPU.ActiveCfg = Debug|Any CPU
		{ABFEE57D-7067-42BD-A4AF-29828C81F5F9}.Debug|Any CPU.Build.0 = Debug|Any CPU
		{ABFEE57D-7067-42BD-A4AF-29828C81F5F9}.Release|Any CPU.ActiveCfg = Release|Any CPU
		{ABFEE57D-7067-42BD-A4AF-29828C81F5F9}.Release|Any CPU.Build.0 = Release|Any CPU
		{1C28F989-EAED-4656-9867-B7745D63FF97}.Debug|Any CPU.ActiveCfg = Debug|Any CPU
		{1C28F989-EAED-4656-9867-B7745D63FF97}.Debug|Any CPU.Build.0 = Debug|Any CPU
		{1C28F989-EAED-4656-9867-B7745D63FF97}.Release|Any CPU.ActiveCfg = Release|Any CPU
		{1C28F989-EAED-4656-9867-B7745D63FF97}.Release|Any CPU.Build.0 = Release|Any CPU
		{A96BA4EB-86C0-467C-A8AA-396DCE310231}.Debug|Any CPU.ActiveCfg = Debug|Any CPU
		{A96BA4EB-86C0-467C-A8AA-396DCE310231}.Debug|Any CPU.Build.0 = Debug|Any CPU
		{A96BA4EB-86C0-467C-A8AA-396DCE310231}.Release|Any CPU.ActiveCfg = Release|Any CPU
		{A96BA4EB-86C0-467C-A8AA-396DCE310231}.Release|Any CPU.Build.0 = Release|Any CPU
		{252917DD-C0F2-49C1-AAAA-E215EC427FDD}.Debug|Any CPU.ActiveCfg = Debug|Any CPU
		{252917DD-C0F2-49C1-AAAA-E215EC427FDD}.Debug|Any CPU.Build.0 = Debug|Any CPU
		{252917DD-C0F2-49C1-AAAA-E215EC427FDD}.Release|Any CPU.ActiveCfg = Release|Any CPU
		{252917DD-C0F2-49C1-AAAA-E215EC427FDD}.Release|Any CPU.Build.0 = Release|Any CPU
		{9E1CF931-3D97-4C96-AAEF-1415F3FDAEE6}.Debug|Any CPU.ActiveCfg = Debug|Any CPU
		{9E1CF931-3D97-4C96-AAEF-1415F3FDAEE6}.Debug|Any CPU.Build.0 = Debug|Any CPU
		{9E1CF931-3D97-4C96-AAEF-1415F3FDAEE6}.Release|Any CPU.ActiveCfg = Release|Any CPU
		{9E1CF931-3D97-4C96-AAEF-1415F3FDAEE6}.Release|Any CPU.Build.0 = Release|Any CPU
		{BDA2AD89-7636-41A9-93E7-E39F165286A6}.Debug|Any CPU.ActiveCfg = Debug|Any CPU
		{BDA2AD89-7636-41A9-93E7-E39F165286A6}.Debug|Any CPU.Build.0 = Debug|Any CPU
		{BDA2AD89-7636-41A9-93E7-E39F165286A6}.Release|Any CPU.ActiveCfg = Release|Any CPU
		{BDA2AD89-7636-41A9-93E7-E39F165286A6}.Release|Any CPU.Build.0 = Release|Any CPU
		{7FB74694-DD39-40F5-9D68-C40103E9A9CF}.Debug|Any CPU.ActiveCfg = Debug|Any CPU
		{7FB74694-DD39-40F5-9D68-C40103E9A9CF}.Debug|Any CPU.Build.0 = Debug|Any CPU
		{7FB74694-DD39-40F5-9D68-C40103E9A9CF}.Release|Any CPU.ActiveCfg = Release|Any CPU
		{7FB74694-DD39-40F5-9D68-C40103E9A9CF}.Release|Any CPU.Build.0 = Release|Any CPU
		{E905B508-5A36-42B9-BA2D-719A08FC1200}.Debug|Any CPU.ActiveCfg = Debug|Any CPU
		{E905B508-5A36-42B9-BA2D-719A08FC1200}.Debug|Any CPU.Build.0 = Debug|Any CPU
		{E905B508-5A36-42B9-BA2D-719A08FC1200}.Release|Any CPU.ActiveCfg = Release|Any CPU
		{E905B508-5A36-42B9-BA2D-719A08FC1200}.Release|Any CPU.Build.0 = Release|Any CPU
		{1BE1B984-3152-4E75-A386-802839E414C2}.Debug|Any CPU.ActiveCfg = Debug|Any CPU
		{1BE1B984-3152-4E75-A386-802839E414C2}.Debug|Any CPU.Build.0 = Debug|Any CPU
		{1BE1B984-3152-4E75-A386-802839E414C2}.Release|Any CPU.ActiveCfg = Release|Any CPU
		{1BE1B984-3152-4E75-A386-802839E414C2}.Release|Any CPU.Build.0 = Release|Any CPU
		{28DF9A95-FE24-42BC-8340-EF3EABDC4362}.Debug|Any CPU.ActiveCfg = Debug|Any CPU
		{28DF9A95-FE24-42BC-8340-EF3EABDC4362}.Debug|Any CPU.Build.0 = Debug|Any CPU
		{28DF9A95-FE24-42BC-8340-EF3EABDC4362}.Release|Any CPU.ActiveCfg = Release|Any CPU
		{28DF9A95-FE24-42BC-8340-EF3EABDC4362}.Release|Any CPU.Build.0 = Release|Any CPU
		{D039113D-32CC-44EF-958A-33A350DD185F}.Debug|Any CPU.ActiveCfg = Debug|Any CPU
		{D039113D-32CC-44EF-958A-33A350DD185F}.Debug|Any CPU.Build.0 = Debug|Any CPU
		{D039113D-32CC-44EF-958A-33A350DD185F}.Release|Any CPU.ActiveCfg = Release|Any CPU
		{D039113D-32CC-44EF-958A-33A350DD185F}.Release|Any CPU.Build.0 = Release|Any CPU
		{9F901115-87AF-4A24-9C86-4DDBE5546FD3}.Debug|Any CPU.ActiveCfg = Debug|Any CPU
		{9F901115-87AF-4A24-9C86-4DDBE5546FD3}.Debug|Any CPU.Build.0 = Debug|Any CPU
		{9F901115-87AF-4A24-9C86-4DDBE5546FD3}.Release|Any CPU.ActiveCfg = Release|Any CPU
		{9F901115-87AF-4A24-9C86-4DDBE5546FD3}.Release|Any CPU.Build.0 = Release|Any CPU
		{5E90E3CB-6E2C-46F9-AF81-507BA4714EBD}.Debug|Any CPU.ActiveCfg = Debug|Any CPU
		{5E90E3CB-6E2C-46F9-AF81-507BA4714EBD}.Debug|Any CPU.Build.0 = Debug|Any CPU
		{5E90E3CB-6E2C-46F9-AF81-507BA4714EBD}.Release|Any CPU.ActiveCfg = Release|Any CPU
		{5E90E3CB-6E2C-46F9-AF81-507BA4714EBD}.Release|Any CPU.Build.0 = Release|Any CPU
		{E24FB134-2CF1-4AB1-8429-90EA0E82A9DF}.Debug|Any CPU.ActiveCfg = Debug|Any CPU
		{E24FB134-2CF1-4AB1-8429-90EA0E82A9DF}.Debug|Any CPU.Build.0 = Debug|Any CPU
		{E24FB134-2CF1-4AB1-8429-90EA0E82A9DF}.Release|Any CPU.ActiveCfg = Release|Any CPU
		{E24FB134-2CF1-4AB1-8429-90EA0E82A9DF}.Release|Any CPU.Build.0 = Release|Any CPU
		{D8A74651-EFB0-45EA-BFF7-9C95B4500412}.Debug|Any CPU.ActiveCfg = Debug|Any CPU
		{D8A74651-EFB0-45EA-BFF7-9C95B4500412}.Debug|Any CPU.Build.0 = Debug|Any CPU
		{D8A74651-EFB0-45EA-BFF7-9C95B4500412}.Release|Any CPU.ActiveCfg = Release|Any CPU
		{D8A74651-EFB0-45EA-BFF7-9C95B4500412}.Release|Any CPU.Build.0 = Release|Any CPU
		{2BB89D23-6401-43C6-9223-567A3C1176B9}.Debug|Any CPU.ActiveCfg = Debug|Any CPU
		{2BB89D23-6401-43C6-9223-567A3C1176B9}.Debug|Any CPU.Build.0 = Debug|Any CPU
		{2BB89D23-6401-43C6-9223-567A3C1176B9}.Release|Any CPU.ActiveCfg = Release|Any CPU
		{2BB89D23-6401-43C6-9223-567A3C1176B9}.Release|Any CPU.Build.0 = Release|Any CPU
		{382BDB49-EC8B-46F1-AFA9-00C347E4DF72}.Debug|Any CPU.ActiveCfg = Debug|Any CPU
		{382BDB49-EC8B-46F1-AFA9-00C347E4DF72}.Debug|Any CPU.Build.0 = Debug|Any CPU
		{382BDB49-EC8B-46F1-AFA9-00C347E4DF72}.Release|Any CPU.ActiveCfg = Release|Any CPU
		{382BDB49-EC8B-46F1-AFA9-00C347E4DF72}.Release|Any CPU.Build.0 = Release|Any CPU
		{200363CD-B0A0-4634-9E21-F42B4CF9ACA3}.Debug|Any CPU.ActiveCfg = Debug|Any CPU
		{200363CD-B0A0-4634-9E21-F42B4CF9ACA3}.Debug|Any CPU.Build.0 = Debug|Any CPU
		{200363CD-B0A0-4634-9E21-F42B4CF9ACA3}.Release|Any CPU.ActiveCfg = Release|Any CPU
		{200363CD-B0A0-4634-9E21-F42B4CF9ACA3}.Release|Any CPU.Build.0 = Release|Any CPU
		{C8012654-B0D6-4D52-9EFA-DC0410713AD7}.Debug|Any CPU.ActiveCfg = Debug|Any CPU
		{C8012654-B0D6-4D52-9EFA-DC0410713AD7}.Debug|Any CPU.Build.0 = Debug|Any CPU
		{C8012654-B0D6-4D52-9EFA-DC0410713AD7}.Release|Any CPU.ActiveCfg = Release|Any CPU
		{C8012654-B0D6-4D52-9EFA-DC0410713AD7}.Release|Any CPU.Build.0 = Release|Any CPU
		{D33A23A0-0BBA-423A-A32F-AF7C5C0C7C0C}.Debug|Any CPU.ActiveCfg = Debug|Any CPU
		{D33A23A0-0BBA-423A-A32F-AF7C5C0C7C0C}.Debug|Any CPU.Build.0 = Debug|Any CPU
		{D33A23A0-0BBA-423A-A32F-AF7C5C0C7C0C}.Release|Any CPU.ActiveCfg = Release|Any CPU
		{D33A23A0-0BBA-423A-A32F-AF7C5C0C7C0C}.Release|Any CPU.Build.0 = Release|Any CPU
		{5A6070CB-3628-4853-9C9D-9F3574F4DE9D}.Debug|Any CPU.ActiveCfg = Debug|Any CPU
		{5A6070CB-3628-4853-9C9D-9F3574F4DE9D}.Debug|Any CPU.Build.0 = Debug|Any CPU
		{5A6070CB-3628-4853-9C9D-9F3574F4DE9D}.Release|Any CPU.ActiveCfg = Release|Any CPU
		{5A6070CB-3628-4853-9C9D-9F3574F4DE9D}.Release|Any CPU.Build.0 = Release|Any CPU
		{012005CB-EBAB-47A5-8D2D-0704BC5A35D1}.Debug|Any CPU.ActiveCfg = Debug|Any CPU
		{012005CB-EBAB-47A5-8D2D-0704BC5A35D1}.Debug|Any CPU.Build.0 = Debug|Any CPU
		{012005CB-EBAB-47A5-8D2D-0704BC5A35D1}.Release|Any CPU.ActiveCfg = Release|Any CPU
		{012005CB-EBAB-47A5-8D2D-0704BC5A35D1}.Release|Any CPU.Build.0 = Release|Any CPU
		{88650F9D-5AD1-45E9-84A4-7C568B68561F}.Debug|Any CPU.ActiveCfg = Debug|Any CPU
		{88650F9D-5AD1-45E9-84A4-7C568B68561F}.Debug|Any CPU.Build.0 = Debug|Any CPU
		{88650F9D-5AD1-45E9-84A4-7C568B68561F}.Release|Any CPU.ActiveCfg = Release|Any CPU
		{88650F9D-5AD1-45E9-84A4-7C568B68561F}.Release|Any CPU.Build.0 = Release|Any CPU
		{136DD802-B0FB-435E-A1C2-A8984723E8A0}.Debug|Any CPU.ActiveCfg = Debug|Any CPU
		{136DD802-B0FB-435E-A1C2-A8984723E8A0}.Debug|Any CPU.Build.0 = Debug|Any CPU
		{136DD802-B0FB-435E-A1C2-A8984723E8A0}.Release|Any CPU.ActiveCfg = Release|Any CPU
		{136DD802-B0FB-435E-A1C2-A8984723E8A0}.Release|Any CPU.Build.0 = Release|Any CPU
		{B0E1DCEE-9B92-429C-B510-021D042F185D}.Debug|Any CPU.ActiveCfg = Debug|Any CPU
		{B0E1DCEE-9B92-429C-B510-021D042F185D}.Debug|Any CPU.Build.0 = Debug|Any CPU
		{B0E1DCEE-9B92-429C-B510-021D042F185D}.Release|Any CPU.ActiveCfg = Release|Any CPU
		{B0E1DCEE-9B92-429C-B510-021D042F185D}.Release|Any CPU.Build.0 = Release|Any CPU
		{E1565917-EAC1-4DA5-A033-F6F71CA1B9D6}.Debug|Any CPU.ActiveCfg = Debug|Any CPU
		{E1565917-EAC1-4DA5-A033-F6F71CA1B9D6}.Debug|Any CPU.Build.0 = Debug|Any CPU
		{E1565917-EAC1-4DA5-A033-F6F71CA1B9D6}.Release|Any CPU.ActiveCfg = Release|Any CPU
		{E1565917-EAC1-4DA5-A033-F6F71CA1B9D6}.Release|Any CPU.Build.0 = Release|Any CPU
		{095C84D9-9EE5-499C-8CBB-8431CD7154BF}.Debug|Any CPU.ActiveCfg = Debug|Any CPU
		{095C84D9-9EE5-499C-8CBB-8431CD7154BF}.Debug|Any CPU.Build.0 = Debug|Any CPU
		{095C84D9-9EE5-499C-8CBB-8431CD7154BF}.Release|Any CPU.ActiveCfg = Release|Any CPU
		{095C84D9-9EE5-499C-8CBB-8431CD7154BF}.Release|Any CPU.Build.0 = Release|Any CPU
	EndGlobalSection
	GlobalSection(SolutionProperties) = preSolution
		HideSolutionNode = FALSE
	EndGlobalSection
	GlobalSection(ExtensibilityGlobals) = postSolution
		SolutionGuid = {3B0839A6-BFAB-4785-B3C8-4AA0168D8D92}
	EndGlobalSection
EndGlobal
