
Microsoft Visual Studio Solution File, Format Version 12.00
# Visual Studio Version 16
VisualStudioVersion = 16.0.34601.136
MinimumVisualStudioVersion = 10.0.40219.1
Project("{FAE04EC0-301F-11D3-BF4B-00C04F79EFBC}") = "01_FirstProgram", "01_FirstProgram\01_FirstProgram.csproj", "{86AE5186-4EC7-405D-94BA-CF2A8905A970}"
EndProject
Project("{FAE04EC0-301F-11D3-BF4B-00C04F79EFBC}") = "02_Variables", "02_Variables\02_Variables.csproj", "{C67FE059-ACF7-4911-8B76-FB6B7A6E902C}"
EndProject
Project("{FAE04EC0-301F-11D3-BF4B-00C04F79EFBC}") = "03_PrimitiveType", "03_PrimitiveType\03_PrimitiveType.csproj", "{43F72691-792E-4C1A-9EF0-06C00712D1C0}"
EndProject
Project("{FAE04EC0-301F-11D3-BF4B-00C04F79EFBC}") = "04_IFstatement", "04_IFstatement\04_IFstatement.csproj", "{7EAE4E1D-0571-46FF-9DA2-F6D9B379BCAA}"
EndProject
Project("{FAE04EC0-301F-11D3-BF4B-00C04F79EFBC}") = "05_IfElseStatement", "05_IfElseStatement\05_IfElseStatement.csproj", "{265F2A85-BA6F-4623-A9C6-61E3CDACC797}"
EndProject
Project("{FAE04EC0-301F-11D3-BF4B-00C04F79EFBC}") = "06_IfElseIf_Statement", "06_IfElseIf_Statement\06_IfElseIf_Statement.csproj", "{9683FF67-04E8-4774-B61E-69DCA473ED15}"
EndProject
Project("{FAE04EC0-301F-11D3-BF4B-00C04F79EFBC}") = "07_NestedIf", "07_NestedIf\07_NestedIf.csproj", "{CC8E2702-0070-4FF0-B721-01E69836D2C9}"
EndProject
Project("{FAE04EC0-301F-11D3-BF4B-00C04F79EFBC}") = "08_SwitchCase", "08_SwitchCase\08_SwitchCase.csproj", "{8984C61F-77AD-46FE-9E16-B4F427FB7484}"
EndProject
Project("{FAE04EC0-301F-11D3-BF4B-00C04F79EFBC}") = "09_WhileLoop", "09_WhileLoop\09_WhileLoop.csproj", "{BA61B6B7-CE71-40A9-B20B-C14FBC1157E3}"
EndProject
Project("{FAE04EC0-301F-11D3-BF4B-00C04F79EFBC}") = "10_DoWhileLoop", "10_DoWhileLoop\10_DoWhileLoop.csproj", "{0BFFE0D2-9CF4-4CB9-93F2-3AD7D1B6177C}"
EndProject
Project("{FAE04EC0-301F-11D3-BF4B-00C04F79EFBC}") = "11_ForLoop", "11_ForLoop\11_ForLoop.csproj", "{27B23F24-11AA-49D4-81DD-A6401C469F8F}"
EndProject
Project("{FAE04EC0-301F-11D3-BF4B-00C04F79EFBC}") = "12_BreakStatement", "12_BreakStatement\12_BreakStatement.csproj", "{C683C405-7A7C-401A-9457-F029934FE081}"
EndProject
Project("{FAE04EC0-301F-11D3-BF4B-00C04F79EFBC}") = "13_ContinueStatement", "13_ContinueStatement\13_ContinueStatement.csproj", "{950C809E-D9FC-4BAE-B94E-52C09D4FB663}"
EndProject
Project("{FAE04EC0-301F-11D3-BF4B-00C04F79EFBC}") = "14_NestedForLoop", "14_NestedForLoop\14_NestedForLoop.csproj", "{B769C5CA-DDCA-41E3-8AE4-20284B89967E}"
EndProject
Project("{FAE04EC0-301F-11D3-BF4B-00C04F79EFBC}") = "15_GotoStatement", "15_GotoStatement\15_GotoStatement.csproj", "{1EB2E75A-3A1D-40FB-BFE2-D7E227FC99BD}"
EndProject
Project("{FAE04EC0-301F-11D3-BF4B-00C04F79EFBC}") = "16_ClassExample", "16_ClassExample\16_ClassExample.csproj", "{049FD72F-CDCD-477F-A6A0-CA325D8D3B15}"
EndProject
Project("{FAE04EC0-301F-11D3-BF4B-00C04F79EFBC}") = "17_Fields", "17_Fields\17_Fields.csproj", "{5CB68DE4-CD1E-444B-BED1-A71E903A826E}"
EndProject
Project("{FAE04EC0-301F-11D3-BF4B-00C04F79EFBC}") = "17_FieldClassLibraryExample", "17_FieldClassLibraryExample\17_FieldClassLibraryExample.csproj", "{ABFEE57D-7067-42BD-A4AF-29828C81F5F9}"
EndProject
Project("{FAE04EC0-301F-11D3-BF4B-00C04F79EFBC}") = "18_StaticFieldLibrary", "18_StaticFieldLibrary\18_StaticFieldLibrary.csproj", "{1C28F989-EAED-4656-9867-B7745D63FF97}"
EndProject
Project("{FAE04EC0-301F-11D3-BF4B-00C04F79EFBC}") = "18_StaticField", "18_StaticField\18_StaticField.csproj", "{A96BA4EB-86C0-467C-A8AA-396DCE310231}"
EndProject
Project("{FAE04EC0-301F-11D3-BF4B-00C04F79EFBC}") = "19_MethodExample", "19_MethodExample\19_MethodExample.csproj", "{252917DD-C0F2-49C1-AAAA-E215EC427FDD}"
EndProject
Project("{FAE04EC0-301F-11D3-BF4B-00C04F79EFBC}") = "20_Encapsulation_Ex1", "20_Encapsulation_Ex1\20_Encapsulation_Ex1.csproj", "{9E1CF931-3D97-4C96-AAEF-1415F3FDAEE6}"
EndProject
Project("{FAE04EC0-301F-11D3-BF4B-00C04F79EFBC}") = "21_DefaultParameter", "21_DefaultParameter\21_DefaultParameter.csproj", "{BDA2AD89-7636-41A9-93E7-E39F165286A6}"
EndProject
Project("{FAE04EC0-301F-11D3-BF4B-00C04F79EFBC}") = "22_NamedArguments", "22_NamedArguments\22_NamedArguments.csproj", "{7FB74694-DD39-40F5-9D68-C40103E9A9CF}"
EndProject
Project("{FAE04EC0-301F-11D3-BF4B-00C04F79EFBC}") = "23_MethodOverloading", "23_MethodOverloading\23_MethodOverloading.csproj", "{E905B508-5A36-42B9-BA2D-719A08FC1200}"
EndProject
Project("{FAE04EC0-301F-11D3-BF4B-00C04F79EFBC}") = "24_DefaultModifier", "24_DefaultModifier\24_DefaultModifier.csproj", "{1BE1B984-3152-4E75-A386-802839E414C2}"
EndProject
Project("{FAE04EC0-301F-11D3-BF4B-00C04F79EFBC}") = "25_refKeyword", "25_refKeyword\25_refKeyword.csproj", "{28DF9A95-FE24-42BC-8340-EF3EABDC4362}"
EndProject
Project("{FAE04EC0-301F-11D3-BF4B-00C04F79EFBC}") = "26_outModifier", "26_outModifier\26_outModifier.csproj", "{D039113D-32CC-44EF-958A-33A350DD185F}"
EndProject
Project("{FAE04EC0-301F-11D3-BF4B-00C04F79EFBC}") = "27_outVariableDeclaration", "27_outVariableDeclaration\27_outVariableDeclaration.csproj", "{9F901115-87AF-4A24-9C86-4DDBE5546FD3}"
EndProject
Project("{FAE04EC0-301F-11D3-BF4B-00C04F79EFBC}") = "28_inParameterModifier", "28_inParameterModifier\28_inParameterModifier.csproj", "{5E90E3CB-6E2C-46F9-AF81-507BA4714EBD}"
EndProject
Project("{FAE04EC0-301F-11D3-BF4B-00C04F79EFBC}") = "29_refreturn", "29_refreturn\29_refreturn.csproj", "{E24FB134-2CF1-4AB1-8429-90EA0E82A9DF}"
EndProject
Project("{FAE04EC0-301F-11D3-BF4B-00C04F79EFBC}") = "30_paramasExample", "30_paramasExample\30_paramasExample.csproj", "{D8A74651-EFB0-45EA-BFF7-9C95B4500412}"
EndProject
Project("{FAE04EC0-301F-11D3-BF4B-00C04F79EFBC}") = "31_LocalFunctions", "31_LocalFunctions\31_LocalFunctions.csproj", "{2BB89D23-6401-43C6-9223-567A3C1176B9}"
EndProject
Project("{FAE04EC0-301F-11D3-BF4B-00C04F79EFBC}") = "32_StaticLocalFunction", "32_StaticLocalFunction\32_StaticLocalFunction.csproj", "{382BDB49-EC8B-46F1-AFA9-00C347E4DF72}"
EndProject
Project("{FAE04EC0-301F-11D3-BF4B-00C04F79EFBC}") = "33_Recursion", "33_Recursion\33_Recursion.csproj", "{200363CD-B0A0-4634-9E21-F42B4CF9ACA3}"
EndProject
Project("{FAE04EC0-301F-11D3-BF4B-00C04F79EFBC}") = "34_ImplicitConversion", "34_ImplicitConversion\34_ImplicitConversion.csproj", "{C8012654-B0D6-4D52-9EFA-DC0410713AD7}"
EndProject
Project("{FAE04EC0-301F-11D3-BF4B-00C04F79EFBC}") = "35_ExplicitCasting", "35_ExplicitCasting\35_ExplicitCasting.csproj", "{D33A23A0-0BBA-423A-A32F-AF7C5C0C7C0C}"
EndProject
Project("{FAE04EC0-301F-11D3-BF4B-00C04F79EFBC}") = "35_Parsing", "35_Parsing\35_Parsing.csproj", "{5A6070CB-3628-4853-9C9D-9F3574F4DE9D}"
EndProject
Project("{FAE04EC0-301F-11D3-BF4B-00C04F79EFBC}") = "36_TryParse", "36_TryParse\36_TryParse.csproj", "{012005CB-EBAB-47A5-8D2D-0704BC5A35D1}"
EndProject
Project("{FAE04EC0-301F-11D3-BF4B-00C04F79EFBC}") = "37_ConversionMethod", "37_ConversionMethod\37_ConversionMethod.csproj", "{88650F9D-5AD1-45E9-84A4-7C568B68561F}"
EndProject
Project("{FAE04EC0-301F-11D3-BF4B-00C04F79EFBC}") = "38_ConstructorExample", "38_ConstructorExample\38_ConstructorExample.csproj", "{136DD802-B0FB-435E-A1C2-A8984723E8A0}"
EndProject
Project("{FAE04EC0-301F-11D3-BF4B-00C04F79EFBC}") = "39_StaticConstructorExample", "39_StaticConstructorExample\39_StaticConstructorExample.csproj", "{B0E1DCEE-9B92-429C-B510-021D042F185D}"
EndProject
Project("{FAE04EC0-301F-11D3-BF4B-00C04F79EFBC}") = "40_ConstructorOverloading", "40_ConstructorOverloading\40_ConstructorOverloading.csproj", "{E1565917-EAC1-4DA5-A033-F6F71CA1B9D6}"
EndProject
Project("{FAE04EC0-301F-11D3-BF4B-00C04F79EFBC}") = "41_ObjectInitializer", "41_ObjectInitializer\41_ObjectInitializer.csproj", "{095C84D9-9EE5-499C-8CBB-8431CD7154BF}"
EndProject
Project("{FAE04EC0-301F-11D3-BF4B-00C04F79EFBC}") = "42_PropertiesExample", "42_PropertiesExample\42_PropertiesExample.csproj", "{EBFD59C0-D5B5-41B1-8142-A63518B05F54}"
EndProject
Project("{FAE04EC0-301F-11D3-BF4B-00C04F79EFBC}") = "43_ReadOnlyProperty", "43_ReadOnlyProperty\43_ReadOnlyProperty.csproj", "{C663DB16-7F5F-4A78-B088-6E5E79548DE9}"
EndProject
Project("{FAE04EC0-301F-11D3-BF4B-00C04F79EFBC}") = "44_WriteOnlyProperty", "44_WriteOnlyProperty\44_WriteOnlyProperty.csproj", "{3ECBB61F-E3BB-4881-B18F-086714A6671C}"
EndProject
Project("{FAE04EC0-301F-11D3-BF4B-00C04F79EFBC}") = "45_AutoImplementedProperties", "45_AutoImplementedProperties\45_AutoImplementedProperties.csproj", "{5A62F950-0F09-460F-9552-511D2E7CDFAD}"
EndProject
Project("{FAE04EC0-301F-11D3-BF4B-00C04F79EFBC}") = "46_AutoImplementedPropertiesIntializer", "46_AutoImplementedPropertiesIntializer\46_AutoImplementedPropertiesIntializer.csproj", "{9CB32DC9-E92B-470F-A23E-F963E50A08F2}"
EndProject
Project("{FAE04EC0-301F-11D3-BF4B-00C04F79EFBC}") = "47_Indexer", "47_Indexer\47_Indexer.csproj", "{7DA3D06C-87F1-482F-A703-5088BBD3C0F2}"
EndProject
Project("{FAE04EC0-301F-11D3-BF4B-00C04F79EFBC}") = "48_IndexerOverloading", "48_IndexerOverloading\48_IndexerOverloading.csproj", "{1DE9412E-4C76-41D1-A819-C7256FE8FAA3}"
EndProject
Project("{FAE04EC0-301F-11D3-BF4B-00C04F79EFBC}") = "49_InheritanceExample", "49_InheritanceExample\49_InheritanceExample.csproj", "{567885F7-3462-44BD-B552-5E57458BCB50}"
EndProject
Project("{FAE04EC0-301F-11D3-BF4B-00C04F79EFBC}") = "50_BaseKeyword", "50_BaseKeyword\50_BaseKeyword.csproj", "{B340E91E-9A20-4DE3-B9CC-D96187F4676F}"
EndProject
Project("{FAE04EC0-301F-11D3-BF4B-00C04F79EFBC}") = "51_ParentClassConstructor", "51_ParentClassConstructor\51_ParentClassConstructor.csproj", "{112C759E-9002-47D5-951C-BB222C81A9BD}"
EndProject
Project("{FAE04EC0-301F-11D3-BF4B-00C04F79EFBC}") = "52_MethodHidingExample", "52_MethodHidingExample\52_MethodHidingExample.csproj", "{C614BCDC-3313-40CC-9CF8-ABABBD3946BA}"
EndProject
Project("{FAE04EC0-301F-11D3-BF4B-00C04F79EFBC}") = "53_MethodOverridingExample", "53_MethodOverridingExample\53_MethodOverridingExample.csproj", "{B6CF4061-93DF-4784-AA65-7D373FC7858A}"
EndProject
Project("{FAE04EC0-301F-11D3-BF4B-00C04F79EFBC}") = "54_SealedClassExample", "54_SealedClassExample\54_SealedClassExample.csproj", "{C470A61C-49AC-4A96-A096-E16B9D4789B6}"
EndProject
Project("{FAE04EC0-301F-11D3-BF4B-00C04F79EFBC}") = "55_AbstractClass", "55_AbstractClass\55_AbstractClass.csproj", "{739828D7-64DE-4712-B77B-48FC9E267B19}"
EndProject
Project("{FAE04EC0-301F-11D3-BF4B-00C04F79EFBC}") = "56_AbstractMethodExample", "56_AbstractMethodExample\56_AbstractMethodExample.csproj", "{FFF8656B-74A6-418B-A931-D831C8E29BB7}"
EndProject
Project("{FAE04EC0-301F-11D3-BF4B-00C04F79EFBC}") = "57_InterfaceExample", "57_InterfaceExample\57_InterfaceExample.csproj", "{16AB9FA8-6C3B-4445-BB06-BE93C9992A73}"
EndProject
Project("{FAE04EC0-301F-11D3-BF4B-00C04F79EFBC}") = "58_RuntimePolymorphism", "58_RuntimePolymorphism\58_RuntimePolymorphism.csproj", "{F4CC0E48-30CA-4940-AE19-A6CE42D55C46}"
EndProject
Project("{FAE04EC0-301F-11D3-BF4B-00C04F79EFBC}") = "59_MultipleInheritanceExample", "59_MultipleInheritanceExample\59_MultipleInheritanceExample.csproj", "{8052D274-8131-4F6A-89A2-C97F5FC02F42}"
EndProject
Project("{FAE04EC0-301F-11D3-BF4B-00C04F79EFBC}") = "60_InterfaceInheritance", "60_InterfaceInheritance\60_InterfaceInheritance.csproj", "{F38D3FF9-29EC-468D-BC34-8C4C076DB11A}"
EndProject
Project("{FAE04EC0-301F-11D3-BF4B-00C04F79EFBC}") = "61_PartialClassExample", "61_PartialClassExample\61_PartialClassExample.csproj", "{B54FBB55-DD40-4E40-82EB-17468BC31FD1}"
EndProject
Project("{FAE04EC0-301F-11D3-BF4B-00C04F79EFBC}") = "62_PartialMethodExample", "62_PartialMethodExample\62_PartialMethodExample.csproj", "{1AFFCEFA-983D-48A4-893D-478FC833A11B}"
EndProject
Project("{FAE04EC0-301F-11D3-BF4B-00C04F79EFBC}") = "63_StaticClassExample", "63_StaticClassExample\63_StaticClassExample.csproj", "{C5CC5C09-D1DF-4E5A-9C89-CC36E7443450}"
EndProject
Project("{FAE04EC0-301F-11D3-BF4B-00C04F79EFBC}") = "64_EnumerationExample", "64_EnumerationExample\64_EnumerationExample.csproj", "{2E6BA7E7-6B79-4F9F-9156-8916E5C998E0}"
EndProject
Project("{FAE04EC0-301F-11D3-BF4B-00C04F79EFBC}") = "65_StructuresExample", "65_StructuresExample\65_StructuresExample.csproj", "{6DC113A1-F057-4187-8737-F39FF2FEE377}"
EndProject
Project("{FAE04EC0-301F-11D3-BF4B-00C04F79EFBC}") = "66_ParameterizedStructureConstructor", "66_ParameterizedStructureConstructor\66_ParameterizedStructureConstructor.csproj", "{AE73AE7B-A4F7-4318-A279-DE186B7C5326}"
EndProject
Project("{FAE04EC0-301F-11D3-BF4B-00C04F79EFBC}") = "67_StructureAndClass", "67_StructureAndClass\67_StructureAndClass.csproj", "{EEA4C1AE-B942-4EE4-9EAD-4A34387464BC}"
EndProject
Project("{FAE04EC0-301F-11D3-BF4B-00C04F79EFBC}") = "68_ReadOnlyStructures", "68_ReadOnlyStructures\68_ReadOnlyStructures.csproj", "{2871BBFA-3228-41F9-B6CC-2ED2B6271827}"
EndProject
Project("{FAE04EC0-301F-11D3-BF4B-00C04F79EFBC}") = "69_SystemObjectClassMethods", "69_SystemObjectClassMethods\69_SystemObjectClassMethods.csproj", "{2ED3A9F9-8679-4690-ADCF-45C947C158DE}"
EndProject
Project("{FAE04EC0-301F-11D3-BF4B-00C04F79EFBC}") = "70_Boxing", "70_Boxing\70_Boxing.csproj", "{3C1D077F-CCFC-453D-A6AD-0D24923828B7}"
EndProject
Project("{FAE04EC0-301F-11D3-BF4B-00C04F79EFBC}") = "71_UnBoxing", "71_UnBoxing\71_UnBoxing.csproj", "{6C24192B-D8DC-4495-BD3A-1E2EA1FDC4D7}"
EndProject
Project("{FAE04EC0-301F-11D3-BF4B-00C04F79EFBC}") = "72_GenericClass", "72_GenericClass\72_GenericClass.csproj", "{7FBD4A60-5A1E-46A3-AB49-ACEB0345DD7C}"
EndProject
Project("{FAE04EC0-301F-11D3-BF4B-00C04F79EFBC}") = "73_MultipleGenericParameters", "73_MultipleGenericParameters\73_MultipleGenericParameters.csproj", "{80787575-1C10-429F-B8B9-2169F5CA1CDE}"
EndProject
Project("{FAE04EC0-301F-11D3-BF4B-00C04F79EFBC}") = "74_GenericMethodExample", "74_GenericMethodExample\74_GenericMethodExample.csproj", "{2AB86F12-2D07-4608-A845-5489A57486CD}"
EndProject
Project("{FAE04EC0-301F-11D3-BF4B-00C04F79EFBC}") = "75_NullableExample", "75_NullableExample\75_NullableExample.csproj", "{197CB4A0-61A8-4E38-9746-92A5130B099F}"
EndProject
Project("{FAE04EC0-301F-11D3-BF4B-00C04F79EFBC}") = "76_NullPropagationOperator", "76_NullPropagationOperator\76_NullPropagationOperator.csproj", "{A63CAEF1-05A4-476F-94FC-1934CBEF13AC}"
EndProject
Project("{FAE04EC0-301F-11D3-BF4B-00C04F79EFBC}") = "77_ExtensionMethod", "77_ExtensionMethod\77_ExtensionMethod.csproj", "{1DD255DA-14A8-4068-927C-1B3FD5324ECC}"
EndProject
Project("{FAE04EC0-301F-11D3-BF4B-00C04F79EFBC}") = "78_PattenMatchingExample", "78_PattenMatchingExample\78_PattenMatchingExample.csproj", "{B604D465-D132-4F6B-9271-14BC47B20FE8}"
EndProject
Project("{FAE04EC0-301F-11D3-BF4B-00C04F79EFBC}") = "79_InnerClassExample", "79_InnerClassExample\79_InnerClassExample.csproj", "{2516B3FF-BC87-4F19-BC6B-7F3CC9350B06}"
EndProject
Project("{FAE04EC0-301F-11D3-BF4B-00C04F79EFBC}") = "80_Destructor", "80_Destructor\80_Destructor.csproj", "{925157CE-A037-4DF6-8AED-046B19BC87E1}"
EndProject
Project("{FAE04EC0-301F-11D3-BF4B-00C04F79EFBC}") = "81_Dispose", "81_Dispose\81_Dispose.csproj", "{56BC9A29-0AAD-4F23-A4E4-AAD9AD9C5D6A}"
EndProject
Project("{FAE04EC0-301F-11D3-BF4B-00C04F79EFBC}") = "82_SingleCastDelegate", "82_SingleCastDelegate\82_SingleCastDelegate.csproj", "{F0E1E86C-7B1F-4F1C-B9D9-4239CFBB3396}"
EndProject
Project("{FAE04EC0-301F-11D3-BF4B-00C04F79EFBC}") = "83_MultiCastDelegate", "83_MultiCastDelegate\83_MultiCastDelegate.csproj", "{2D1C34E3-8E80-4812-85EF-C2842623D896}"
EndProject
Project("{FAE04EC0-301F-11D3-BF4B-00C04F79EFBC}") = "84_Events", "84_Events\84_Events.csproj", "{FB69CED9-B367-4992-9250-D774E5A7D444}"
EndProject
Project("{FAE04EC0-301F-11D3-BF4B-00C04F79EFBC}") = "85_AutoImplementedEvents", "85_AutoImplementedEvents\85_AutoImplementedEvents.csproj", "{A78AB42F-1344-4140-8B75-EB508D5B88B7}"
EndProject
Project("{FAE04EC0-301F-11D3-BF4B-00C04F79EFBC}") = "86_AnonymousMethod", "86_AnonymousMethod\86_AnonymousMethod.csproj", "{6BBC1100-DDB3-4123-9BA8-A6A2DA193B99}"
EndProject
Project("{FAE04EC0-301F-11D3-BF4B-00C04F79EFBC}") = "87_LambdaExpression", "87_LambdaExpression\87_LambdaExpression.csproj", "{30C84EB4-C7F6-4C18-9392-AA13C3C22867}"
EndProject
Project("{FAE04EC0-301F-11D3-BF4B-00C04F79EFBC}") = "88_InlineLambdaExpression", "88_InlineLambdaExpression\88_InlineLambdaExpression.csproj", "{85E83F48-1EDB-4346-A6E8-427A8A033756}"
EndProject
Project("{FAE04EC0-301F-11D3-BF4B-00C04F79EFBC}") = "89_FuncDelegate", "89_FuncDelegate\89_FuncDelegate.csproj", "{2716D400-CFB9-4661-8DBD-1DBE95C2D499}"
EndProject
Project("{FAE04EC0-301F-11D3-BF4B-00C04F79EFBC}") = "90_ActionDelegate", "90_ActionDelegate\90_ActionDelegate.csproj", "{54847941-7DF0-45B9-B6EA-869141EA4B33}"
EndProject
Project("{FAE04EC0-301F-11D3-BF4B-00C04F79EFBC}") = "91_PredicateDelegate", "91_PredicateDelegate\91_PredicateDelegate.csproj", "{DD6A1860-E911-4FA3-BA91-57BB59F3D085}"
EndProject
Project("{FAE04EC0-301F-11D3-BF4B-00C04F79EFBC}") = "92_EventHandlerExample", "92_EventHandlerExample\92_EventHandlerExample.csproj", "{5AD331BA-06C4-4B48-81B0-F69F0135B63B}"
EndProject
Project("{FAE04EC0-301F-11D3-BF4B-00C04F79EFBC}") = "93_ExpressionTreeExample", "93_ExpressionTreeExample\93_ExpressionTreeExample.csproj", "{C09FBB8C-3DF8-44A3-B4C4-0C04DA39BF4D}"
EndProject
Project("{FAE04EC0-301F-11D3-BF4B-00C04F79EFBC}") = "94_ExpressionTreeExample2", "94_ExpressionTreeExample2\94_ExpressionTreeExample2.csproj", "{4CD1CF58-F484-4972-81C6-13517D294103}"
EndProject
Project("{FAE04EC0-301F-11D3-BF4B-00C04F79EFBC}") = "95_ExpressionBodiedMembersExample", "95_ExpressionBodiedMembersExample\95_ExpressionBodiedMembersExample.csproj", "{5B54BFA1-5660-4CCE-896A-EDC14B932D01}"
EndProject
Project("{FAE04EC0-301F-11D3-BF4B-00C04F79EFBC}") = "96_SwitchExpressionExample", "96_SwitchExpressionExample\96_SwitchExpressionExample.csproj", "{B2CFF851-0D62-4728-B1B2-A40AFF75FC6B}"
EndProject
Project("{FAE04EC0-301F-11D3-BF4B-00C04F79EFBC}") = "97_ArrayExample", "97_ArrayExample\97_ArrayExample.csproj", "{03108DA5-39DD-4A5F-B4CD-B749F193E3C5}"
EndProject
Project("{FAE04EC0-301F-11D3-BF4B-00C04F79EFBC}") = "98_ArrayForLoop", "98_ArrayForLoop\98_ArrayForLoop.csproj", "{96D143E4-FAFD-4EBC-A77C-7F1816ECB898}"
EndProject
Project("{FAE04EC0-301F-11D3-BF4B-00C04F79EFBC}") = "99_ArrayForEachLoopExample", "99_ArrayForEachLoopExample\99_ArrayForEachLoopExample.csproj", "{029129FB-DAE8-481B-9DE0-CF2EBBB01E91}"
EndProject
Project("{FAE04EC0-301F-11D3-BF4B-00C04F79EFBC}") = "H_100_ArrayIndexOfExample", "100_ArrayIndexOfExample\H_100_ArrayIndexOfExample.csproj", "{F76F7B6C-41F5-4386-86D7-D7C3D49157EB}"
EndProject
Project("{FAE04EC0-301F-11D3-BF4B-00C04F79EFBC}") = "H_101_ArrayBinarySearch", "H_101_ArrayBinarySearch\H_101_ArrayBinarySearch.csproj", "{D45A8DDB-FD16-4225-94E0-65102C917CF1}"
EndProject
Project("{FAE04EC0-301F-11D3-BF4B-00C04F79EFBC}") = "H_102_ArrayClearMethod", "H_102_ArrayClearMethod\H_102_ArrayClearMethod.csproj", "{EC50DB33-0209-423C-B05D-320457265978}"
EndProject
Project("{FAE04EC0-301F-11D3-BF4B-00C04F79EFBC}") = "H_103_ArrayResizeMethod", "H_103_ArrayResizeMethod\H_103_ArrayResizeMethod.csproj", "{01ADEE95-9A26-4252-9B71-60F636A2C264}"
EndProject
Project("{FAE04EC0-301F-11D3-BF4B-00C04F79EFBC}") = "H_104_ArraySortMethod", "H_104_ArraySortMethod\H_104_ArraySortMethod.csproj", "{22646132-7DA6-4F39-9708-3D69F26D3CF6}"
EndProject
Project("{FAE04EC0-301F-11D3-BF4B-00C04F79EFBC}") = "H_105_ArrayReverseMethod", "H_105_ArrayReverseMethod\H_105_ArrayReverseMethod.csproj", "{F48F6E19-9426-4507-B7CB-9840E5DA31D6}"
EndProject
Project("{FAE04EC0-301F-11D3-BF4B-00C04F79EFBC}") = "H_106_MultiDimesnionalArray", "H_106_MultiDimesnionalArray\H_106_MultiDimesnionalArray.csproj", "{A70F28E2-7C79-48AE-BF63-642565F9E671}"
EndProject
Project("{FAE04EC0-301F-11D3-BF4B-00C04F79EFBC}") = "H_107_JaggedArray", "H_107_JaggedArray\H_107_JaggedArray.csproj", "{D7FBF794-D5E8-4D75-BA0E-AE8C50FE2993}"
EndProject
Project("{FAE04EC0-301F-11D3-BF4B-00C04F79EFBC}") = "H_108_ArrayOfObjectsExample", "H_108_ArrayOfObjectsExample\H_108_ArrayOfObjectsExample.csproj", "{1A8AA1D2-A267-413F-9450-64129B5BCA3E}"
EndProject
Project("{FAE04EC0-301F-11D3-BF4B-00C04F79EFBC}") = "H_109_CopyAndCloneArrayExample", "H_109_CopyAndCloneArrayExample\H_109_CopyAndCloneArrayExample.csproj", "{6A11C6F4-699C-494A-9161-8C459B9078F8}"
EndProject
Project("{FAE04EC0-301F-11D3-BF4B-00C04F79EFBC}") = "H_110_ListCollectionExample", "H_110_ListCollectionExample\H_110_ListCollectionExample.csproj", "{53B4D86D-15B0-4D2E-8BB3-7BEE3B28FF58}"
EndProject
Project("{FAE04EC0-301F-11D3-BF4B-00C04F79EFBC}") = "H_111_AddMethodCollectionExample", "H_111_AddMethodCollectionExample\H_111_AddMethodCollectionExample.csproj", "{C94846C3-D642-4B81-99E6-6ABDB76CDF72}"
EndProject
Project("{FAE04EC0-301F-11D3-BF4B-00C04F79EFBC}") = "H_112_AddRangeMethod", "H_112_AddRangeMethod\H_112_AddRangeMethod.csproj", "{6F472AA8-7079-46A5-952C-21B193A4BD7A}"
EndProject
Project("{FAE04EC0-301F-11D3-BF4B-00C04F79EFBC}") = "H_113_InsertMethod", "H_113_InsertMethod\H_113_InsertMethod.csproj", "{89A67970-B7E4-4B9C-8748-B79C353219E7}"
EndProject
Project("{FAE04EC0-301F-11D3-BF4B-00C04F79EFBC}") = "H_114_InsertRangeMethod", "H_114_InsertRangeMethod\H_114_InsertRangeMethod.csproj", "{48D5D13B-235C-4A62-8E24-5E77DF83974A}"
EndProject
Project("{FAE04EC0-301F-11D3-BF4B-00C04F79EFBC}") = "H_115_RemoveMethodCollecrtion", "H_115_RemoveMethodCollecrtion\H_115_RemoveMethodCollecrtion.csproj", "{91754C81-9A6B-451F-94EE-B59A6836E66D}"
EndProject
Project("{FAE04EC0-301F-11D3-BF4B-00C04F79EFBC}") = "H_116_RemoveAtMethodExample", "H_116_RemoveAtMethodExample\H_116_RemoveAtMethodExample.csproj", "{15B98EED-A5E2-48B5-AE24-F279AFF59698}"
EndProject
Project("{FAE04EC0-301F-11D3-BF4B-00C04F79EFBC}") = "H_117_RemoveRangeMethodExample", "H_117_RemoveRangeMethodExample\H_117_RemoveRangeMethodExample.csproj", "{2A8939BB-DD76-49F3-AF36-FC8BBB53B522}"
EndProject
Project("{FAE04EC0-301F-11D3-BF4B-00C04F79EFBC}") = "H_118_RemoveAllMethodExample", "H_118_RemoveAllMethodExample\H_118_RemoveAllMethodExample.csproj", "{FB3082A0-9F70-4D0B-B263-17A24AFB5C66}"
EndProject
Project("{FAE04EC0-301F-11D3-BF4B-00C04F79EFBC}") = "H_119_ClearMethodExample", "H_119_ClearMethodExample\H_119_ClearMethodExample.csproj", "{7F6B376E-CAE4-4EFD-ADCB-DEC02A581B39}"
EndProject
Project("{FAE04EC0-301F-11D3-BF4B-00C04F79EFBC}") = "H_120_IndexOfMethodExample", "H_120_IndexOfMethodExample\H_120_IndexOfMethodExample.csproj", "{66578469-DE23-4114-89DE-E9795DE0B8D5}"
EndProject
Project("{FAE04EC0-301F-11D3-BF4B-00C04F79EFBC}") = "H_121_BinarySearchMethodCollection", "H_121_BinarySearchMethodCollection\H_121_BinarySearchMethodCollection.csproj", "{0B8A879E-51FF-4F6E-9F95-3150F82ED133}"
EndProject
Project("{FAE04EC0-301F-11D3-BF4B-00C04F79EFBC}") = "H_122_ContainsMethodExample", "H_122_ContainsMethodExample\H_122_ContainsMethodExample.csproj", "{6D6FC36D-7CD1-49B6-BE70-D130B2800E3F}"
EndProject
Project("{FAE04EC0-301F-11D3-BF4B-00C04F79EFBC}") = "H_123_SortMethodCollection", "H_123_SortMethodCollection\H_123_SortMethodCollection.csproj", "{C1AFB897-7867-4978-A6D5-BBB0B09E50D5}"
EndProject
Project("{FAE04EC0-301F-11D3-BF4B-00C04F79EFBC}") = "H_124_ReverseMethodCollection", "H_124_ReverseMethodCollection\H_124_ReverseMethodCollection.csproj", "{32F709DA-27FB-4957-8A66-E3FF10C77D8E}"
EndProject
Project("{FAE04EC0-301F-11D3-BF4B-00C04F79EFBC}") = "H_125_ToArrayMethodCollection", "H_125_ToArrayMethodCollection\H_125_ToArrayMethodCollection.csproj", "{216194A7-70C0-41CB-A514-5A2E34653482}"
EndProject
Project("{FAE04EC0-301F-11D3-BF4B-00C04F79EFBC}") = "H_126_ForEachMethodCollection", "H_126_ForEachMethodCollection\H_126_ForEachMethodCollection.csproj", "{5A055B03-70C2-4D14-B915-F40780CA113C}"
EndProject
Project("{FAE04EC0-301F-11D3-BF4B-00C04F79EFBC}") = "H_127_ExistsMethodCollection", "H_127_ExistsMethodCollection\H_127_ExistsMethodCollection.csproj", "{A2106B33-458E-4AA9-A83C-706725096668}"
EndProject
Project("{FAE04EC0-301F-11D3-BF4B-00C04F79EFBC}") = "H_128_FIndMethodCollection", "H_128_FIndMethodCollection\H_128_FIndMethodCollection.csproj", "{4DC3ED9D-FA15-4F72-ACEA-9E3E0030BA94}"
EndProject
Project("{FAE04EC0-301F-11D3-BF4B-00C04F79EFBC}") = "H_129_FindIndexMethodCollection", "H_129_FindIndexMethodCollection\H_129_FindIndexMethodCollection.csproj", "{0020FDA6-7E14-4723-8BC5-ABD160C451DC}"
EndProject
Project("{FAE04EC0-301F-11D3-BF4B-00C04F79EFBC}") = "H_130_FindLastMethodExample", "H_130_FindLastMethodExample\H_130_FindLastMethodExample.csproj", "{B91CAC34-84FE-4B0F-BB7A-26B5AD7C1557}"
EndProject
Project("{FAE04EC0-301F-11D3-BF4B-00C04F79EFBC}") = "H_131_FindLastIndexMethodCollection", "H_131_FindLastIndexMethodCollection\H_131_FindLastIndexMethodCollection.csproj", "{9C61F946-2F81-4BA2-8F79-EF68ED9C852E}"
EndProject
Project("{FAE04EC0-301F-11D3-BF4B-00C04F79EFBC}") = "H_132_FindAllMethodCollection", "H_132_FindAllMethodCollection\H_132_FindAllMethodCollection.csproj", "{D3FA51ED-B3F2-4C9D-92D4-E06173F1364A}"
EndProject
Project("{FAE04EC0-301F-11D3-BF4B-00C04F79EFBC}") = "H_133_ConvertAllMethodCollection", "H_133_ConvertAllMethodCollection\H_133_ConvertAllMethodCollection.csproj", "{83BF39E2-089B-4F5F-A69B-61D620F480B5}"
EndProject
Project("{FAE04EC0-301F-11D3-BF4B-00C04F79EFBC}") = "H_134_Dictionary", "H_134_Dictionary\H_134_Dictionary.csproj", "{CD540507-14E3-4228-8EFA-63B8A51FB036}"
EndProject
Project("{FAE04EC0-301F-11D3-BF4B-00C04F79EFBC}") = "H_135_SortedList", "H_135_SortedList\H_135_SortedList.csproj", "{4EE7BF06-4B0E-4973-B271-EBC2087943FA}"
EndProject
Project("{FAE04EC0-301F-11D3-BF4B-00C04F79EFBC}") = "H_136_HashTable", "H_136_HashTable\H_136_HashTable.csproj", "{B56F0329-2AA6-44EF-AFC9-4294C22B2374}"
EndProject
Project("{FAE04EC0-301F-11D3-BF4B-00C04F79EFBC}") = "H_137_HashSet", "H_137_HashSet\H_137_HashSet.csproj", "{1ADC3C7D-D73C-4730-A523-4D21F78CBB90}"
EndProject
Project("{FAE04EC0-301F-11D3-BF4B-00C04F79EFBC}") = "H_138_ArrayList", "H_138_ArrayList\H_138_ArrayList.csproj", "{72330C21-4C30-41FE-87D1-32625128155B}"
EndProject
Project("{FAE04EC0-301F-11D3-BF4B-00C04F79EFBC}") = "H_139_Stack", "H_139_Stack\H_139_Stack.csproj", "{EAF5EE67-FE41-451E-86D7-6A605EB157F5}"
EndProject
Project("{FAE04EC0-301F-11D3-BF4B-00C04F79EFBC}") = "H_140_QueueExample", "H_140_QueueExample\H_140_QueueExample.csproj", "{825146A7-8DEF-49F5-BA59-C8636DB36E67}"
EndProject
Project("{FAE04EC0-301F-11D3-BF4B-00C04F79EFBC}") = "H_141_CollectionOfObjects", "H_141_CollectionOfObjects\H_141_CollectionOfObjects.csproj", "{7F27EB92-1520-469A-9545-371EF2DDD5FA}"
EndProject
Project("{FAE04EC0-301F-11D3-BF4B-00C04F79EFBC}") = "H_142_OneToOneObjectRelation", "H_142_OneToOneObjectRelation\H_142_OneToOneObjectRelation.csproj", "{35B9DD96-DDE9-4AD6-8670-1B7DD70A30C5}"
EndProject
Project("{FAE04EC0-301F-11D3-BF4B-00C04F79EFBC}") = "H_143_OneToManyObjectRelation", "H_143_OneToManyObjectRelation\H_143_OneToManyObjectRelation.csproj", "{61BF9B3D-A1E7-45AD-BC59-F51A9068DCFE}"
EndProject
Project("{FAE04EC0-301F-11D3-BF4B-00C04F79EFBC}") = "H_144_ManyToOneObjectRelation", "H_144_ManyToOneObjectRelation\H_144_ManyToOneObjectRelation.csproj", "{4E0D1AC5-DFE7-482D-A96F-229CEBB0D0CB}"
EndProject
Project("{FAE04EC0-301F-11D3-BF4B-00C04F79EFBC}") = "H_145_IEnumerable", "H_145_IEnumerable\H_145_IEnumerable.csproj", "{9007B162-20CD-42F4-9EC3-B153B9A34BEB}"
EndProject
Project("{FAE04EC0-301F-11D3-BF4B-00C04F79EFBC}") = "H_146_IEnumerator", "H_146_IEnumerator\H_146_IEnumerator.csproj", "{48D47848-0E5B-47A2-AED9-1DE427A1B31E}"
EndProject
Project("{FAE04EC0-301F-11D3-BF4B-00C04F79EFBC}") = "H_147_IteratorExample", "H_147_IteratorExample\H_147_IteratorExample.csproj", "{C47FD0D1-DA0C-49F3-B964-995DC2CAB9C2}"
EndProject
Project("{FAE04EC0-301F-11D3-BF4B-00C04F79EFBC}") = "H_148_CUstomCollections", "H_148_CUstomCollections\H_148_CUstomCollections.csproj", "{17C09B92-D893-48B5-8A4E-B982912BB94A}"
EndProject
Project("{FAE04EC0-301F-11D3-BF4B-00C04F79EFBC}") = "H_149_CustomCollectionIEnumerable", "H_149_CustomCollectionIEnumerable\H_149_CustomCollectionIEnumerable.csproj", "{B503A1F4-AE39-4F12-A6E7-6B339D6150B5}"
EndProject
Project("{FAE04EC0-301F-11D3-BF4B-00C04F79EFBC}") = "H_150_CustomCollectionICollection", "H_150_CustomCollectionICollection\H_150_CustomCollectionICollection.csproj", "{F67A2779-10B3-4277-BDF5-98AE33CD12FE}"
EndProject
Project("{FAE04EC0-301F-11D3-BF4B-00C04F79EFBC}") = "H_151_CustomCollectionIList", "H_151_CustomCollectionIList\H_151_CustomCollectionIList.csproj", "{01B027F6-90BB-48EE-9E6D-A998DE14097D}"
EndProject
Project("{FAE04EC0-301F-11D3-BF4B-00C04F79EFBC}") = "H_152_IComparable", "H_152_IComparable\H_152_IComparable.csproj", "{28100FD7-C4E4-47A3-98AA-8DF420BE1751}"
EndProject
Global
	GlobalSection(SolutionConfigurationPlatforms) = preSolution
		Debug|Any CPU = Debug|Any CPU
		Release|Any CPU = Release|Any CPU
	EndGlobalSection
	GlobalSection(ProjectConfigurationPlatforms) = postSolution
		{86AE5186-4EC7-405D-94BA-CF2A8905A970}.Debug|Any CPU.ActiveCfg = Debug|Any CPU
		{86AE5186-4EC7-405D-94BA-CF2A8905A970}.Debug|Any CPU.Build.0 = Debug|Any CPU
		{86AE5186-4EC7-405D-94BA-CF2A8905A970}.Release|Any CPU.ActiveCfg = Release|Any CPU
		{86AE5186-4EC7-405D-94BA-CF2A8905A970}.Release|Any CPU.Build.0 = Release|Any CPU
		{C67FE059-ACF7-4911-8B76-FB6B7A6E902C}.Debug|Any CPU.ActiveCfg = Debug|Any CPU
		{C67FE059-ACF7-4911-8B76-FB6B7A6E902C}.Debug|Any CPU.Build.0 = Debug|Any CPU
		{C67FE059-ACF7-4911-8B76-FB6B7A6E902C}.Release|Any CPU.ActiveCfg = Release|Any CPU
		{C67FE059-ACF7-4911-8B76-FB6B7A6E902C}.Release|Any CPU.Build.0 = Release|Any CPU
		{43F72691-792E-4C1A-9EF0-06C00712D1C0}.Debug|Any CPU.ActiveCfg = Debug|Any CPU
		{43F72691-792E-4C1A-9EF0-06C00712D1C0}.Debug|Any CPU.Build.0 = Debug|Any CPU
		{43F72691-792E-4C1A-9EF0-06C00712D1C0}.Release|Any CPU.ActiveCfg = Release|Any CPU
		{43F72691-792E-4C1A-9EF0-06C00712D1C0}.Release|Any CPU.Build.0 = Release|Any CPU
		{7EAE4E1D-0571-46FF-9DA2-F6D9B379BCAA}.Debug|Any CPU.ActiveCfg = Debug|Any CPU
		{7EAE4E1D-0571-46FF-9DA2-F6D9B379BCAA}.Debug|Any CPU.Build.0 = Debug|Any CPU
		{7EAE4E1D-0571-46FF-9DA2-F6D9B379BCAA}.Release|Any CPU.ActiveCfg = Release|Any CPU
		{7EAE4E1D-0571-46FF-9DA2-F6D9B379BCAA}.Release|Any CPU.Build.0 = Release|Any CPU
		{265F2A85-BA6F-4623-A9C6-61E3CDACC797}.Debug|Any CPU.ActiveCfg = Debug|Any CPU
		{265F2A85-BA6F-4623-A9C6-61E3CDACC797}.Debug|Any CPU.Build.0 = Debug|Any CPU
		{265F2A85-BA6F-4623-A9C6-61E3CDACC797}.Release|Any CPU.ActiveCfg = Release|Any CPU
		{265F2A85-BA6F-4623-A9C6-61E3CDACC797}.Release|Any CPU.Build.0 = Release|Any CPU
		{9683FF67-04E8-4774-B61E-69DCA473ED15}.Debug|Any CPU.ActiveCfg = Debug|Any CPU
		{9683FF67-04E8-4774-B61E-69DCA473ED15}.Debug|Any CPU.Build.0 = Debug|Any CPU
		{9683FF67-04E8-4774-B61E-69DCA473ED15}.Release|Any CPU.ActiveCfg = Release|Any CPU
		{9683FF67-04E8-4774-B61E-69DCA473ED15}.Release|Any CPU.Build.0 = Release|Any CPU
		{CC8E2702-0070-4FF0-B721-01E69836D2C9}.Debug|Any CPU.ActiveCfg = Debug|Any CPU
		{CC8E2702-0070-4FF0-B721-01E69836D2C9}.Debug|Any CPU.Build.0 = Debug|Any CPU
		{CC8E2702-0070-4FF0-B721-01E69836D2C9}.Release|Any CPU.ActiveCfg = Release|Any CPU
		{CC8E2702-0070-4FF0-B721-01E69836D2C9}.Release|Any CPU.Build.0 = Release|Any CPU
		{8984C61F-77AD-46FE-9E16-B4F427FB7484}.Debug|Any CPU.ActiveCfg = Debug|Any CPU
		{8984C61F-77AD-46FE-9E16-B4F427FB7484}.Debug|Any CPU.Build.0 = Debug|Any CPU
		{8984C61F-77AD-46FE-9E16-B4F427FB7484}.Release|Any CPU.ActiveCfg = Release|Any CPU
		{8984C61F-77AD-46FE-9E16-B4F427FB7484}.Release|Any CPU.Build.0 = Release|Any CPU
		{BA61B6B7-CE71-40A9-B20B-C14FBC1157E3}.Debug|Any CPU.ActiveCfg = Debug|Any CPU
		{BA61B6B7-CE71-40A9-B20B-C14FBC1157E3}.Debug|Any CPU.Build.0 = Debug|Any CPU
		{BA61B6B7-CE71-40A9-B20B-C14FBC1157E3}.Release|Any CPU.ActiveCfg = Release|Any CPU
		{BA61B6B7-CE71-40A9-B20B-C14FBC1157E3}.Release|Any CPU.Build.0 = Release|Any CPU
		{0BFFE0D2-9CF4-4CB9-93F2-3AD7D1B6177C}.Debug|Any CPU.ActiveCfg = Debug|Any CPU
		{0BFFE0D2-9CF4-4CB9-93F2-3AD7D1B6177C}.Debug|Any CPU.Build.0 = Debug|Any CPU
		{0BFFE0D2-9CF4-4CB9-93F2-3AD7D1B6177C}.Release|Any CPU.ActiveCfg = Release|Any CPU
		{0BFFE0D2-9CF4-4CB9-93F2-3AD7D1B6177C}.Release|Any CPU.Build.0 = Release|Any CPU
		{27B23F24-11AA-49D4-81DD-A6401C469F8F}.Debug|Any CPU.ActiveCfg = Debug|Any CPU
		{27B23F24-11AA-49D4-81DD-A6401C469F8F}.Debug|Any CPU.Build.0 = Debug|Any CPU
		{27B23F24-11AA-49D4-81DD-A6401C469F8F}.Release|Any CPU.ActiveCfg = Release|Any CPU
		{27B23F24-11AA-49D4-81DD-A6401C469F8F}.Release|Any CPU.Build.0 = Release|Any CPU
		{C683C405-7A7C-401A-9457-F029934FE081}.Debug|Any CPU.ActiveCfg = Debug|Any CPU
		{C683C405-7A7C-401A-9457-F029934FE081}.Debug|Any CPU.Build.0 = Debug|Any CPU
		{C683C405-7A7C-401A-9457-F029934FE081}.Release|Any CPU.ActiveCfg = Release|Any CPU
		{C683C405-7A7C-401A-9457-F029934FE081}.Release|Any CPU.Build.0 = Release|Any CPU
		{950C809E-D9FC-4BAE-B94E-52C09D4FB663}.Debug|Any CPU.ActiveCfg = Debug|Any CPU
		{950C809E-D9FC-4BAE-B94E-52C09D4FB663}.Debug|Any CPU.Build.0 = Debug|Any CPU
		{950C809E-D9FC-4BAE-B94E-52C09D4FB663}.Release|Any CPU.ActiveCfg = Release|Any CPU
		{950C809E-D9FC-4BAE-B94E-52C09D4FB663}.Release|Any CPU.Build.0 = Release|Any CPU
		{B769C5CA-DDCA-41E3-8AE4-20284B89967E}.Debug|Any CPU.ActiveCfg = Debug|Any CPU
		{B769C5CA-DDCA-41E3-8AE4-20284B89967E}.Debug|Any CPU.Build.0 = Debug|Any CPU
		{B769C5CA-DDCA-41E3-8AE4-20284B89967E}.Release|Any CPU.ActiveCfg = Release|Any CPU
		{B769C5CA-DDCA-41E3-8AE4-20284B89967E}.Release|Any CPU.Build.0 = Release|Any CPU
		{1EB2E75A-3A1D-40FB-BFE2-D7E227FC99BD}.Debug|Any CPU.ActiveCfg = Debug|Any CPU
		{1EB2E75A-3A1D-40FB-BFE2-D7E227FC99BD}.Debug|Any CPU.Build.0 = Debug|Any CPU
		{1EB2E75A-3A1D-40FB-BFE2-D7E227FC99BD}.Release|Any CPU.ActiveCfg = Release|Any CPU
		{1EB2E75A-3A1D-40FB-BFE2-D7E227FC99BD}.Release|Any CPU.Build.0 = Release|Any CPU
		{049FD72F-CDCD-477F-A6A0-CA325D8D3B15}.Debug|Any CPU.ActiveCfg = Debug|Any CPU
		{049FD72F-CDCD-477F-A6A0-CA325D8D3B15}.Debug|Any CPU.Build.0 = Debug|Any CPU
		{049FD72F-CDCD-477F-A6A0-CA325D8D3B15}.Release|Any CPU.ActiveCfg = Release|Any CPU
		{049FD72F-CDCD-477F-A6A0-CA325D8D3B15}.Release|Any CPU.Build.0 = Release|Any CPU
		{5CB68DE4-CD1E-444B-BED1-A71E903A826E}.Debug|Any CPU.ActiveCfg = Debug|Any CPU
		{5CB68DE4-CD1E-444B-BED1-A71E903A826E}.Debug|Any CPU.Build.0 = Debug|Any CPU
		{5CB68DE4-CD1E-444B-BED1-A71E903A826E}.Release|Any CPU.ActiveCfg = Release|Any CPU
		{5CB68DE4-CD1E-444B-BED1-A71E903A826E}.Release|Any CPU.Build.0 = Release|Any CPU
		{ABFEE57D-7067-42BD-A4AF-29828C81F5F9}.Debug|Any CPU.ActiveCfg = Debug|Any CPU
		{ABFEE57D-7067-42BD-A4AF-29828C81F5F9}.Debug|Any CPU.Build.0 = Debug|Any CPU
		{ABFEE57D-7067-42BD-A4AF-29828C81F5F9}.Release|Any CPU.ActiveCfg = Release|Any CPU
		{ABFEE57D-7067-42BD-A4AF-29828C81F5F9}.Release|Any CPU.Build.0 = Release|Any CPU
		{1C28F989-EAED-4656-9867-B7745D63FF97}.Debug|Any CPU.ActiveCfg = Debug|Any CPU
		{1C28F989-EAED-4656-9867-B7745D63FF97}.Debug|Any CPU.Build.0 = Debug|Any CPU
		{1C28F989-EAED-4656-9867-B7745D63FF97}.Release|Any CPU.ActiveCfg = Release|Any CPU
		{1C28F989-EAED-4656-9867-B7745D63FF97}.Release|Any CPU.Build.0 = Release|Any CPU
		{A96BA4EB-86C0-467C-A8AA-396DCE310231}.Debug|Any CPU.ActiveCfg = Debug|Any CPU
		{A96BA4EB-86C0-467C-A8AA-396DCE310231}.Debug|Any CPU.Build.0 = Debug|Any CPU
		{A96BA4EB-86C0-467C-A8AA-396DCE310231}.Release|Any CPU.ActiveCfg = Release|Any CPU
		{A96BA4EB-86C0-467C-A8AA-396DCE310231}.Release|Any CPU.Build.0 = Release|Any CPU
		{252917DD-C0F2-49C1-AAAA-E215EC427FDD}.Debug|Any CPU.ActiveCfg = Debug|Any CPU
		{252917DD-C0F2-49C1-AAAA-E215EC427FDD}.Debug|Any CPU.Build.0 = Debug|Any CPU
		{252917DD-C0F2-49C1-AAAA-E215EC427FDD}.Release|Any CPU.ActiveCfg = Release|Any CPU
		{252917DD-C0F2-49C1-AAAA-E215EC427FDD}.Release|Any CPU.Build.0 = Release|Any CPU
		{9E1CF931-3D97-4C96-AAEF-1415F3FDAEE6}.Debug|Any CPU.ActiveCfg = Debug|Any CPU
		{9E1CF931-3D97-4C96-AAEF-1415F3FDAEE6}.Debug|Any CPU.Build.0 = Debug|Any CPU
		{9E1CF931-3D97-4C96-AAEF-1415F3FDAEE6}.Release|Any CPU.ActiveCfg = Release|Any CPU
		{9E1CF931-3D97-4C96-AAEF-1415F3FDAEE6}.Release|Any CPU.Build.0 = Release|Any CPU
		{BDA2AD89-7636-41A9-93E7-E39F165286A6}.Debug|Any CPU.ActiveCfg = Debug|Any CPU
		{BDA2AD89-7636-41A9-93E7-E39F165286A6}.Debug|Any CPU.Build.0 = Debug|Any CPU
		{BDA2AD89-7636-41A9-93E7-E39F165286A6}.Release|Any CPU.ActiveCfg = Release|Any CPU
		{BDA2AD89-7636-41A9-93E7-E39F165286A6}.Release|Any CPU.Build.0 = Release|Any CPU
		{7FB74694-DD39-40F5-9D68-C40103E9A9CF}.Debug|Any CPU.ActiveCfg = Debug|Any CPU
		{7FB74694-DD39-40F5-9D68-C40103E9A9CF}.Debug|Any CPU.Build.0 = Debug|Any CPU
		{7FB74694-DD39-40F5-9D68-C40103E9A9CF}.Release|Any CPU.ActiveCfg = Release|Any CPU
		{7FB74694-DD39-40F5-9D68-C40103E9A9CF}.Release|Any CPU.Build.0 = Release|Any CPU
		{E905B508-5A36-42B9-BA2D-719A08FC1200}.Debug|Any CPU.ActiveCfg = Debug|Any CPU
		{E905B508-5A36-42B9-BA2D-719A08FC1200}.Debug|Any CPU.Build.0 = Debug|Any CPU
		{E905B508-5A36-42B9-BA2D-719A08FC1200}.Release|Any CPU.ActiveCfg = Release|Any CPU
		{E905B508-5A36-42B9-BA2D-719A08FC1200}.Release|Any CPU.Build.0 = Release|Any CPU
		{1BE1B984-3152-4E75-A386-802839E414C2}.Debug|Any CPU.ActiveCfg = Debug|Any CPU
		{1BE1B984-3152-4E75-A386-802839E414C2}.Debug|Any CPU.Build.0 = Debug|Any CPU
		{1BE1B984-3152-4E75-A386-802839E414C2}.Release|Any CPU.ActiveCfg = Release|Any CPU
		{1BE1B984-3152-4E75-A386-802839E414C2}.Release|Any CPU.Build.0 = Release|Any CPU
		{28DF9A95-FE24-42BC-8340-EF3EABDC4362}.Debug|Any CPU.ActiveCfg = Debug|Any CPU
		{28DF9A95-FE24-42BC-8340-EF3EABDC4362}.Debug|Any CPU.Build.0 = Debug|Any CPU
		{28DF9A95-FE24-42BC-8340-EF3EABDC4362}.Release|Any CPU.ActiveCfg = Release|Any CPU
		{28DF9A95-FE24-42BC-8340-EF3EABDC4362}.Release|Any CPU.Build.0 = Release|Any CPU
		{D039113D-32CC-44EF-958A-33A350DD185F}.Debug|Any CPU.ActiveCfg = Debug|Any CPU
		{D039113D-32CC-44EF-958A-33A350DD185F}.Debug|Any CPU.Build.0 = Debug|Any CPU
		{D039113D-32CC-44EF-958A-33A350DD185F}.Release|Any CPU.ActiveCfg = Release|Any CPU
		{D039113D-32CC-44EF-958A-33A350DD185F}.Release|Any CPU.Build.0 = Release|Any CPU
		{9F901115-87AF-4A24-9C86-4DDBE5546FD3}.Debug|Any CPU.ActiveCfg = Debug|Any CPU
		{9F901115-87AF-4A24-9C86-4DDBE5546FD3}.Debug|Any CPU.Build.0 = Debug|Any CPU
		{9F901115-87AF-4A24-9C86-4DDBE5546FD3}.Release|Any CPU.ActiveCfg = Release|Any CPU
		{9F901115-87AF-4A24-9C86-4DDBE5546FD3}.Release|Any CPU.Build.0 = Release|Any CPU
		{5E90E3CB-6E2C-46F9-AF81-507BA4714EBD}.Debug|Any CPU.ActiveCfg = Debug|Any CPU
		{5E90E3CB-6E2C-46F9-AF81-507BA4714EBD}.Debug|Any CPU.Build.0 = Debug|Any CPU
		{5E90E3CB-6E2C-46F9-AF81-507BA4714EBD}.Release|Any CPU.ActiveCfg = Release|Any CPU
		{5E90E3CB-6E2C-46F9-AF81-507BA4714EBD}.Release|Any CPU.Build.0 = Release|Any CPU
		{E24FB134-2CF1-4AB1-8429-90EA0E82A9DF}.Debug|Any CPU.ActiveCfg = Debug|Any CPU
		{E24FB134-2CF1-4AB1-8429-90EA0E82A9DF}.Debug|Any CPU.Build.0 = Debug|Any CPU
		{E24FB134-2CF1-4AB1-8429-90EA0E82A9DF}.Release|Any CPU.ActiveCfg = Release|Any CPU
		{E24FB134-2CF1-4AB1-8429-90EA0E82A9DF}.Release|Any CPU.Build.0 = Release|Any CPU
		{D8A74651-EFB0-45EA-BFF7-9C95B4500412}.Debug|Any CPU.ActiveCfg = Debug|Any CPU
		{D8A74651-EFB0-45EA-BFF7-9C95B4500412}.Debug|Any CPU.Build.0 = Debug|Any CPU
		{D8A74651-EFB0-45EA-BFF7-9C95B4500412}.Release|Any CPU.ActiveCfg = Release|Any CPU
		{D8A74651-EFB0-45EA-BFF7-9C95B4500412}.Release|Any CPU.Build.0 = Release|Any CPU
		{2BB89D23-6401-43C6-9223-567A3C1176B9}.Debug|Any CPU.ActiveCfg = Debug|Any CPU
		{2BB89D23-6401-43C6-9223-567A3C1176B9}.Debug|Any CPU.Build.0 = Debug|Any CPU
		{2BB89D23-6401-43C6-9223-567A3C1176B9}.Release|Any CPU.ActiveCfg = Release|Any CPU
		{2BB89D23-6401-43C6-9223-567A3C1176B9}.Release|Any CPU.Build.0 = Release|Any CPU
		{382BDB49-EC8B-46F1-AFA9-00C347E4DF72}.Debug|Any CPU.ActiveCfg = Debug|Any CPU
		{382BDB49-EC8B-46F1-AFA9-00C347E4DF72}.Debug|Any CPU.Build.0 = Debug|Any CPU
		{382BDB49-EC8B-46F1-AFA9-00C347E4DF72}.Release|Any CPU.ActiveCfg = Release|Any CPU
		{382BDB49-EC8B-46F1-AFA9-00C347E4DF72}.Release|Any CPU.Build.0 = Release|Any CPU
		{200363CD-B0A0-4634-9E21-F42B4CF9ACA3}.Debug|Any CPU.ActiveCfg = Debug|Any CPU
		{200363CD-B0A0-4634-9E21-F42B4CF9ACA3}.Debug|Any CPU.Build.0 = Debug|Any CPU
		{200363CD-B0A0-4634-9E21-F42B4CF9ACA3}.Release|Any CPU.ActiveCfg = Release|Any CPU
		{200363CD-B0A0-4634-9E21-F42B4CF9ACA3}.Release|Any CPU.Build.0 = Release|Any CPU
		{C8012654-B0D6-4D52-9EFA-DC0410713AD7}.Debug|Any CPU.ActiveCfg = Debug|Any CPU
		{C8012654-B0D6-4D52-9EFA-DC0410713AD7}.Debug|Any CPU.Build.0 = Debug|Any CPU
		{C8012654-B0D6-4D52-9EFA-DC0410713AD7}.Release|Any CPU.ActiveCfg = Release|Any CPU
		{C8012654-B0D6-4D52-9EFA-DC0410713AD7}.Release|Any CPU.Build.0 = Release|Any CPU
		{D33A23A0-0BBA-423A-A32F-AF7C5C0C7C0C}.Debug|Any CPU.ActiveCfg = Debug|Any CPU
		{D33A23A0-0BBA-423A-A32F-AF7C5C0C7C0C}.Debug|Any CPU.Build.0 = Debug|Any CPU
		{D33A23A0-0BBA-423A-A32F-AF7C5C0C7C0C}.Release|Any CPU.ActiveCfg = Release|Any CPU
		{D33A23A0-0BBA-423A-A32F-AF7C5C0C7C0C}.Release|Any CPU.Build.0 = Release|Any CPU
		{5A6070CB-3628-4853-9C9D-9F3574F4DE9D}.Debug|Any CPU.ActiveCfg = Debug|Any CPU
		{5A6070CB-3628-4853-9C9D-9F3574F4DE9D}.Debug|Any CPU.Build.0 = Debug|Any CPU
		{5A6070CB-3628-4853-9C9D-9F3574F4DE9D}.Release|Any CPU.ActiveCfg = Release|Any CPU
		{5A6070CB-3628-4853-9C9D-9F3574F4DE9D}.Release|Any CPU.Build.0 = Release|Any CPU
		{012005CB-EBAB-47A5-8D2D-0704BC5A35D1}.Debug|Any CPU.ActiveCfg = Debug|Any CPU
		{012005CB-EBAB-47A5-8D2D-0704BC5A35D1}.Debug|Any CPU.Build.0 = Debug|Any CPU
		{012005CB-EBAB-47A5-8D2D-0704BC5A35D1}.Release|Any CPU.ActiveCfg = Release|Any CPU
		{012005CB-EBAB-47A5-8D2D-0704BC5A35D1}.Release|Any CPU.Build.0 = Release|Any CPU
		{88650F9D-5AD1-45E9-84A4-7C568B68561F}.Debug|Any CPU.ActiveCfg = Debug|Any CPU
		{88650F9D-5AD1-45E9-84A4-7C568B68561F}.Debug|Any CPU.Build.0 = Debug|Any CPU
		{88650F9D-5AD1-45E9-84A4-7C568B68561F}.Release|Any CPU.ActiveCfg = Release|Any CPU
		{88650F9D-5AD1-45E9-84A4-7C568B68561F}.Release|Any CPU.Build.0 = Release|Any CPU
		{136DD802-B0FB-435E-A1C2-A8984723E8A0}.Debug|Any CPU.ActiveCfg = Debug|Any CPU
		{136DD802-B0FB-435E-A1C2-A8984723E8A0}.Debug|Any CPU.Build.0 = Debug|Any CPU
		{136DD802-B0FB-435E-A1C2-A8984723E8A0}.Release|Any CPU.ActiveCfg = Release|Any CPU
		{136DD802-B0FB-435E-A1C2-A8984723E8A0}.Release|Any CPU.Build.0 = Release|Any CPU
		{B0E1DCEE-9B92-429C-B510-021D042F185D}.Debug|Any CPU.ActiveCfg = Debug|Any CPU
		{B0E1DCEE-9B92-429C-B510-021D042F185D}.Debug|Any CPU.Build.0 = Debug|Any CPU
		{B0E1DCEE-9B92-429C-B510-021D042F185D}.Release|Any CPU.ActiveCfg = Release|Any CPU
		{B0E1DCEE-9B92-429C-B510-021D042F185D}.Release|Any CPU.Build.0 = Release|Any CPU
		{E1565917-EAC1-4DA5-A033-F6F71CA1B9D6}.Debug|Any CPU.ActiveCfg = Debug|Any CPU
		{E1565917-EAC1-4DA5-A033-F6F71CA1B9D6}.Debug|Any CPU.Build.0 = Debug|Any CPU
		{E1565917-EAC1-4DA5-A033-F6F71CA1B9D6}.Release|Any CPU.ActiveCfg = Release|Any CPU
		{E1565917-EAC1-4DA5-A033-F6F71CA1B9D6}.Release|Any CPU.Build.0 = Release|Any CPU
		{095C84D9-9EE5-499C-8CBB-8431CD7154BF}.Debug|Any CPU.ActiveCfg = Debug|Any CPU
		{095C84D9-9EE5-499C-8CBB-8431CD7154BF}.Debug|Any CPU.Build.0 = Debug|Any CPU
		{095C84D9-9EE5-499C-8CBB-8431CD7154BF}.Release|Any CPU.ActiveCfg = Release|Any CPU
		{095C84D9-9EE5-499C-8CBB-8431CD7154BF}.Release|Any CPU.Build.0 = Release|Any CPU
		{EBFD59C0-D5B5-41B1-8142-A63518B05F54}.Debug|Any CPU.ActiveCfg = Debug|Any CPU
		{EBFD59C0-D5B5-41B1-8142-A63518B05F54}.Debug|Any CPU.Build.0 = Debug|Any CPU
		{EBFD59C0-D5B5-41B1-8142-A63518B05F54}.Release|Any CPU.ActiveCfg = Release|Any CPU
		{EBFD59C0-D5B5-41B1-8142-A63518B05F54}.Release|Any CPU.Build.0 = Release|Any CPU
		{C663DB16-7F5F-4A78-B088-6E5E79548DE9}.Debug|Any CPU.ActiveCfg = Debug|Any CPU
		{C663DB16-7F5F-4A78-B088-6E5E79548DE9}.Debug|Any CPU.Build.0 = Debug|Any CPU
		{C663DB16-7F5F-4A78-B088-6E5E79548DE9}.Release|Any CPU.ActiveCfg = Release|Any CPU
		{C663DB16-7F5F-4A78-B088-6E5E79548DE9}.Release|Any CPU.Build.0 = Release|Any CPU
		{3ECBB61F-E3BB-4881-B18F-086714A6671C}.Debug|Any CPU.ActiveCfg = Debug|Any CPU
		{3ECBB61F-E3BB-4881-B18F-086714A6671C}.Debug|Any CPU.Build.0 = Debug|Any CPU
		{3ECBB61F-E3BB-4881-B18F-086714A6671C}.Release|Any CPU.ActiveCfg = Release|Any CPU
		{3ECBB61F-E3BB-4881-B18F-086714A6671C}.Release|Any CPU.Build.0 = Release|Any CPU
		{5A62F950-0F09-460F-9552-511D2E7CDFAD}.Debug|Any CPU.ActiveCfg = Debug|Any CPU
		{5A62F950-0F09-460F-9552-511D2E7CDFAD}.Debug|Any CPU.Build.0 = Debug|Any CPU
		{5A62F950-0F09-460F-9552-511D2E7CDFAD}.Release|Any CPU.ActiveCfg = Release|Any CPU
		{5A62F950-0F09-460F-9552-511D2E7CDFAD}.Release|Any CPU.Build.0 = Release|Any CPU
		{9CB32DC9-E92B-470F-A23E-F963E50A08F2}.Debug|Any CPU.ActiveCfg = Debug|Any CPU
		{9CB32DC9-E92B-470F-A23E-F963E50A08F2}.Debug|Any CPU.Build.0 = Debug|Any CPU
		{9CB32DC9-E92B-470F-A23E-F963E50A08F2}.Release|Any CPU.ActiveCfg = Release|Any CPU
		{9CB32DC9-E92B-470F-A23E-F963E50A08F2}.Release|Any CPU.Build.0 = Release|Any CPU
		{7DA3D06C-87F1-482F-A703-5088BBD3C0F2}.Debug|Any CPU.ActiveCfg = Debug|Any CPU
		{7DA3D06C-87F1-482F-A703-5088BBD3C0F2}.Debug|Any CPU.Build.0 = Debug|Any CPU
		{7DA3D06C-87F1-482F-A703-5088BBD3C0F2}.Release|Any CPU.ActiveCfg = Release|Any CPU
		{7DA3D06C-87F1-482F-A703-5088BBD3C0F2}.Release|Any CPU.Build.0 = Release|Any CPU
		{1DE9412E-4C76-41D1-A819-C7256FE8FAA3}.Debug|Any CPU.ActiveCfg = Debug|Any CPU
		{1DE9412E-4C76-41D1-A819-C7256FE8FAA3}.Debug|Any CPU.Build.0 = Debug|Any CPU
		{1DE9412E-4C76-41D1-A819-C7256FE8FAA3}.Release|Any CPU.ActiveCfg = Release|Any CPU
		{1DE9412E-4C76-41D1-A819-C7256FE8FAA3}.Release|Any CPU.Build.0 = Release|Any CPU
		{567885F7-3462-44BD-B552-5E57458BCB50}.Debug|Any CPU.ActiveCfg = Debug|Any CPU
		{567885F7-3462-44BD-B552-5E57458BCB50}.Debug|Any CPU.Build.0 = Debug|Any CPU
		{567885F7-3462-44BD-B552-5E57458BCB50}.Release|Any CPU.ActiveCfg = Release|Any CPU
		{567885F7-3462-44BD-B552-5E57458BCB50}.Release|Any CPU.Build.0 = Release|Any CPU
		{B340E91E-9A20-4DE3-B9CC-D96187F4676F}.Debug|Any CPU.ActiveCfg = Debug|Any CPU
		{B340E91E-9A20-4DE3-B9CC-D96187F4676F}.Debug|Any CPU.Build.0 = Debug|Any CPU
		{B340E91E-9A20-4DE3-B9CC-D96187F4676F}.Release|Any CPU.ActiveCfg = Release|Any CPU
		{B340E91E-9A20-4DE3-B9CC-D96187F4676F}.Release|Any CPU.Build.0 = Release|Any CPU
		{112C759E-9002-47D5-951C-BB222C81A9BD}.Debug|Any CPU.ActiveCfg = Debug|Any CPU
		{112C759E-9002-47D5-951C-BB222C81A9BD}.Debug|Any CPU.Build.0 = Debug|Any CPU
		{112C759E-9002-47D5-951C-BB222C81A9BD}.Release|Any CPU.ActiveCfg = Release|Any CPU
		{112C759E-9002-47D5-951C-BB222C81A9BD}.Release|Any CPU.Build.0 = Release|Any CPU
		{C614BCDC-3313-40CC-9CF8-ABABBD3946BA}.Debug|Any CPU.ActiveCfg = Debug|Any CPU
		{C614BCDC-3313-40CC-9CF8-ABABBD3946BA}.Debug|Any CPU.Build.0 = Debug|Any CPU
		{C614BCDC-3313-40CC-9CF8-ABABBD3946BA}.Release|Any CPU.ActiveCfg = Release|Any CPU
		{C614BCDC-3313-40CC-9CF8-ABABBD3946BA}.Release|Any CPU.Build.0 = Release|Any CPU
		{B6CF4061-93DF-4784-AA65-7D373FC7858A}.Debug|Any CPU.ActiveCfg = Debug|Any CPU
		{B6CF4061-93DF-4784-AA65-7D373FC7858A}.Debug|Any CPU.Build.0 = Debug|Any CPU
		{B6CF4061-93DF-4784-AA65-7D373FC7858A}.Release|Any CPU.ActiveCfg = Release|Any CPU
		{B6CF4061-93DF-4784-AA65-7D373FC7858A}.Release|Any CPU.Build.0 = Release|Any CPU
		{C470A61C-49AC-4A96-A096-E16B9D4789B6}.Debug|Any CPU.ActiveCfg = Debug|Any CPU
		{C470A61C-49AC-4A96-A096-E16B9D4789B6}.Debug|Any CPU.Build.0 = Debug|Any CPU
		{C470A61C-49AC-4A96-A096-E16B9D4789B6}.Release|Any CPU.ActiveCfg = Release|Any CPU
		{C470A61C-49AC-4A96-A096-E16B9D4789B6}.Release|Any CPU.Build.0 = Release|Any CPU
		{739828D7-64DE-4712-B77B-48FC9E267B19}.Debug|Any CPU.ActiveCfg = Debug|Any CPU
		{739828D7-64DE-4712-B77B-48FC9E267B19}.Debug|Any CPU.Build.0 = Debug|Any CPU
		{739828D7-64DE-4712-B77B-48FC9E267B19}.Release|Any CPU.ActiveCfg = Release|Any CPU
		{739828D7-64DE-4712-B77B-48FC9E267B19}.Release|Any CPU.Build.0 = Release|Any CPU
		{FFF8656B-74A6-418B-A931-D831C8E29BB7}.Debug|Any CPU.ActiveCfg = Debug|Any CPU
		{FFF8656B-74A6-418B-A931-D831C8E29BB7}.Debug|Any CPU.Build.0 = Debug|Any CPU
		{FFF8656B-74A6-418B-A931-D831C8E29BB7}.Release|Any CPU.ActiveCfg = Release|Any CPU
		{FFF8656B-74A6-418B-A931-D831C8E29BB7}.Release|Any CPU.Build.0 = Release|Any CPU
		{16AB9FA8-6C3B-4445-BB06-BE93C9992A73}.Debug|Any CPU.ActiveCfg = Debug|Any CPU
		{16AB9FA8-6C3B-4445-BB06-BE93C9992A73}.Debug|Any CPU.Build.0 = Debug|Any CPU
		{16AB9FA8-6C3B-4445-BB06-BE93C9992A73}.Release|Any CPU.ActiveCfg = Release|Any CPU
		{16AB9FA8-6C3B-4445-BB06-BE93C9992A73}.Release|Any CPU.Build.0 = Release|Any CPU
		{F4CC0E48-30CA-4940-AE19-A6CE42D55C46}.Debug|Any CPU.ActiveCfg = Debug|Any CPU
		{F4CC0E48-30CA-4940-AE19-A6CE42D55C46}.Debug|Any CPU.Build.0 = Debug|Any CPU
		{F4CC0E48-30CA-4940-AE19-A6CE42D55C46}.Release|Any CPU.ActiveCfg = Release|Any CPU
		{F4CC0E48-30CA-4940-AE19-A6CE42D55C46}.Release|Any CPU.Build.0 = Release|Any CPU
		{8052D274-8131-4F6A-89A2-C97F5FC02F42}.Debug|Any CPU.ActiveCfg = Debug|Any CPU
		{8052D274-8131-4F6A-89A2-C97F5FC02F42}.Debug|Any CPU.Build.0 = Debug|Any CPU
		{8052D274-8131-4F6A-89A2-C97F5FC02F42}.Release|Any CPU.ActiveCfg = Release|Any CPU
		{8052D274-8131-4F6A-89A2-C97F5FC02F42}.Release|Any CPU.Build.0 = Release|Any CPU
		{F38D3FF9-29EC-468D-BC34-8C4C076DB11A}.Debug|Any CPU.ActiveCfg = Debug|Any CPU
		{F38D3FF9-29EC-468D-BC34-8C4C076DB11A}.Debug|Any CPU.Build.0 = Debug|Any CPU
		{F38D3FF9-29EC-468D-BC34-8C4C076DB11A}.Release|Any CPU.ActiveCfg = Release|Any CPU
		{F38D3FF9-29EC-468D-BC34-8C4C076DB11A}.Release|Any CPU.Build.0 = Release|Any CPU
		{B54FBB55-DD40-4E40-82EB-17468BC31FD1}.Debug|Any CPU.ActiveCfg = Debug|Any CPU
		{B54FBB55-DD40-4E40-82EB-17468BC31FD1}.Debug|Any CPU.Build.0 = Debug|Any CPU
		{B54FBB55-DD40-4E40-82EB-17468BC31FD1}.Release|Any CPU.ActiveCfg = Release|Any CPU
		{B54FBB55-DD40-4E40-82EB-17468BC31FD1}.Release|Any CPU.Build.0 = Release|Any CPU
		{1AFFCEFA-983D-48A4-893D-478FC833A11B}.Debug|Any CPU.ActiveCfg = Debug|Any CPU
		{1AFFCEFA-983D-48A4-893D-478FC833A11B}.Debug|Any CPU.Build.0 = Debug|Any CPU
		{1AFFCEFA-983D-48A4-893D-478FC833A11B}.Release|Any CPU.ActiveCfg = Release|Any CPU
		{1AFFCEFA-983D-48A4-893D-478FC833A11B}.Release|Any CPU.Build.0 = Release|Any CPU
		{C5CC5C09-D1DF-4E5A-9C89-CC36E7443450}.Debug|Any CPU.ActiveCfg = Debug|Any CPU
		{C5CC5C09-D1DF-4E5A-9C89-CC36E7443450}.Debug|Any CPU.Build.0 = Debug|Any CPU
		{C5CC5C09-D1DF-4E5A-9C89-CC36E7443450}.Release|Any CPU.ActiveCfg = Release|Any CPU
		{C5CC5C09-D1DF-4E5A-9C89-CC36E7443450}.Release|Any CPU.Build.0 = Release|Any CPU
		{2E6BA7E7-6B79-4F9F-9156-8916E5C998E0}.Debug|Any CPU.ActiveCfg = Debug|Any CPU
		{2E6BA7E7-6B79-4F9F-9156-8916E5C998E0}.Debug|Any CPU.Build.0 = Debug|Any CPU
		{2E6BA7E7-6B79-4F9F-9156-8916E5C998E0}.Release|Any CPU.ActiveCfg = Release|Any CPU
		{2E6BA7E7-6B79-4F9F-9156-8916E5C998E0}.Release|Any CPU.Build.0 = Release|Any CPU
		{6DC113A1-F057-4187-8737-F39FF2FEE377}.Debug|Any CPU.ActiveCfg = Debug|Any CPU
		{6DC113A1-F057-4187-8737-F39FF2FEE377}.Debug|Any CPU.Build.0 = Debug|Any CPU
		{6DC113A1-F057-4187-8737-F39FF2FEE377}.Release|Any CPU.ActiveCfg = Release|Any CPU
		{6DC113A1-F057-4187-8737-F39FF2FEE377}.Release|Any CPU.Build.0 = Release|Any CPU
		{AE73AE7B-A4F7-4318-A279-DE186B7C5326}.Debug|Any CPU.ActiveCfg = Debug|Any CPU
		{AE73AE7B-A4F7-4318-A279-DE186B7C5326}.Debug|Any CPU.Build.0 = Debug|Any CPU
		{AE73AE7B-A4F7-4318-A279-DE186B7C5326}.Release|Any CPU.ActiveCfg = Release|Any CPU
		{AE73AE7B-A4F7-4318-A279-DE186B7C5326}.Release|Any CPU.Build.0 = Release|Any CPU
		{EEA4C1AE-B942-4EE4-9EAD-4A34387464BC}.Debug|Any CPU.ActiveCfg = Debug|Any CPU
		{EEA4C1AE-B942-4EE4-9EAD-4A34387464BC}.Debug|Any CPU.Build.0 = Debug|Any CPU
		{EEA4C1AE-B942-4EE4-9EAD-4A34387464BC}.Release|Any CPU.ActiveCfg = Release|Any CPU
		{EEA4C1AE-B942-4EE4-9EAD-4A34387464BC}.Release|Any CPU.Build.0 = Release|Any CPU
		{2871BBFA-3228-41F9-B6CC-2ED2B6271827}.Debug|Any CPU.ActiveCfg = Debug|Any CPU
		{2871BBFA-3228-41F9-B6CC-2ED2B6271827}.Debug|Any CPU.Build.0 = Debug|Any CPU
		{2871BBFA-3228-41F9-B6CC-2ED2B6271827}.Release|Any CPU.ActiveCfg = Release|Any CPU
		{2871BBFA-3228-41F9-B6CC-2ED2B6271827}.Release|Any CPU.Build.0 = Release|Any CPU
		{2ED3A9F9-8679-4690-ADCF-45C947C158DE}.Debug|Any CPU.ActiveCfg = Debug|Any CPU
		{2ED3A9F9-8679-4690-ADCF-45C947C158DE}.Debug|Any CPU.Build.0 = Debug|Any CPU
		{2ED3A9F9-8679-4690-ADCF-45C947C158DE}.Release|Any CPU.ActiveCfg = Release|Any CPU
		{2ED3A9F9-8679-4690-ADCF-45C947C158DE}.Release|Any CPU.Build.0 = Release|Any CPU
		{3C1D077F-CCFC-453D-A6AD-0D24923828B7}.Debug|Any CPU.ActiveCfg = Debug|Any CPU
		{3C1D077F-CCFC-453D-A6AD-0D24923828B7}.Debug|Any CPU.Build.0 = Debug|Any CPU
		{3C1D077F-CCFC-453D-A6AD-0D24923828B7}.Release|Any CPU.ActiveCfg = Release|Any CPU
		{3C1D077F-CCFC-453D-A6AD-0D24923828B7}.Release|Any CPU.Build.0 = Release|Any CPU
		{6C24192B-D8DC-4495-BD3A-1E2EA1FDC4D7}.Debug|Any CPU.ActiveCfg = Debug|Any CPU
		{6C24192B-D8DC-4495-BD3A-1E2EA1FDC4D7}.Debug|Any CPU.Build.0 = Debug|Any CPU
		{6C24192B-D8DC-4495-BD3A-1E2EA1FDC4D7}.Release|Any CPU.ActiveCfg = Release|Any CPU
		{6C24192B-D8DC-4495-BD3A-1E2EA1FDC4D7}.Release|Any CPU.Build.0 = Release|Any CPU
		{7FBD4A60-5A1E-46A3-AB49-ACEB0345DD7C}.Debug|Any CPU.ActiveCfg = Debug|Any CPU
		{7FBD4A60-5A1E-46A3-AB49-ACEB0345DD7C}.Debug|Any CPU.Build.0 = Debug|Any CPU
		{7FBD4A60-5A1E-46A3-AB49-ACEB0345DD7C}.Release|Any CPU.ActiveCfg = Release|Any CPU
		{7FBD4A60-5A1E-46A3-AB49-ACEB0345DD7C}.Release|Any CPU.Build.0 = Release|Any CPU
		{80787575-1C10-429F-B8B9-2169F5CA1CDE}.Debug|Any CPU.ActiveCfg = Debug|Any CPU
		{80787575-1C10-429F-B8B9-2169F5CA1CDE}.Debug|Any CPU.Build.0 = Debug|Any CPU
		{80787575-1C10-429F-B8B9-2169F5CA1CDE}.Release|Any CPU.ActiveCfg = Release|Any CPU
		{80787575-1C10-429F-B8B9-2169F5CA1CDE}.Release|Any CPU.Build.0 = Release|Any CPU
		{2AB86F12-2D07-4608-A845-5489A57486CD}.Debug|Any CPU.ActiveCfg = Debug|Any CPU
		{2AB86F12-2D07-4608-A845-5489A57486CD}.Debug|Any CPU.Build.0 = Debug|Any CPU
		{2AB86F12-2D07-4608-A845-5489A57486CD}.Release|Any CPU.ActiveCfg = Release|Any CPU
		{2AB86F12-2D07-4608-A845-5489A57486CD}.Release|Any CPU.Build.0 = Release|Any CPU
		{197CB4A0-61A8-4E38-9746-92A5130B099F}.Debug|Any CPU.ActiveCfg = Debug|Any CPU
		{197CB4A0-61A8-4E38-9746-92A5130B099F}.Debug|Any CPU.Build.0 = Debug|Any CPU
		{197CB4A0-61A8-4E38-9746-92A5130B099F}.Release|Any CPU.ActiveCfg = Release|Any CPU
		{197CB4A0-61A8-4E38-9746-92A5130B099F}.Release|Any CPU.Build.0 = Release|Any CPU
		{A63CAEF1-05A4-476F-94FC-1934CBEF13AC}.Debug|Any CPU.ActiveCfg = Debug|Any CPU
		{A63CAEF1-05A4-476F-94FC-1934CBEF13AC}.Debug|Any CPU.Build.0 = Debug|Any CPU
		{A63CAEF1-05A4-476F-94FC-1934CBEF13AC}.Release|Any CPU.ActiveCfg = Release|Any CPU
		{A63CAEF1-05A4-476F-94FC-1934CBEF13AC}.Release|Any CPU.Build.0 = Release|Any CPU
		{1DD255DA-14A8-4068-927C-1B3FD5324ECC}.Debug|Any CPU.ActiveCfg = Debug|Any CPU
		{1DD255DA-14A8-4068-927C-1B3FD5324ECC}.Debug|Any CPU.Build.0 = Debug|Any CPU
		{1DD255DA-14A8-4068-927C-1B3FD5324ECC}.Release|Any CPU.ActiveCfg = Release|Any CPU
		{1DD255DA-14A8-4068-927C-1B3FD5324ECC}.Release|Any CPU.Build.0 = Release|Any CPU
		{B604D465-D132-4F6B-9271-14BC47B20FE8}.Debug|Any CPU.ActiveCfg = Debug|Any CPU
		{B604D465-D132-4F6B-9271-14BC47B20FE8}.Debug|Any CPU.Build.0 = Debug|Any CPU
		{B604D465-D132-4F6B-9271-14BC47B20FE8}.Release|Any CPU.ActiveCfg = Release|Any CPU
		{B604D465-D132-4F6B-9271-14BC47B20FE8}.Release|Any CPU.Build.0 = Release|Any CPU
		{2516B3FF-BC87-4F19-BC6B-7F3CC9350B06}.Debug|Any CPU.ActiveCfg = Debug|Any CPU
		{2516B3FF-BC87-4F19-BC6B-7F3CC9350B06}.Debug|Any CPU.Build.0 = Debug|Any CPU
		{2516B3FF-BC87-4F19-BC6B-7F3CC9350B06}.Release|Any CPU.ActiveCfg = Release|Any CPU
		{2516B3FF-BC87-4F19-BC6B-7F3CC9350B06}.Release|Any CPU.Build.0 = Release|Any CPU
		{925157CE-A037-4DF6-8AED-046B19BC87E1}.Debug|Any CPU.ActiveCfg = Debug|Any CPU
		{925157CE-A037-4DF6-8AED-046B19BC87E1}.Debug|Any CPU.Build.0 = Debug|Any CPU
		{925157CE-A037-4DF6-8AED-046B19BC87E1}.Release|Any CPU.ActiveCfg = Release|Any CPU
		{925157CE-A037-4DF6-8AED-046B19BC87E1}.Release|Any CPU.Build.0 = Release|Any CPU
		{56BC9A29-0AAD-4F23-A4E4-AAD9AD9C5D6A}.Debug|Any CPU.ActiveCfg = Debug|Any CPU
		{56BC9A29-0AAD-4F23-A4E4-AAD9AD9C5D6A}.Debug|Any CPU.Build.0 = Debug|Any CPU
		{56BC9A29-0AAD-4F23-A4E4-AAD9AD9C5D6A}.Release|Any CPU.ActiveCfg = Release|Any CPU
		{56BC9A29-0AAD-4F23-A4E4-AAD9AD9C5D6A}.Release|Any CPU.Build.0 = Release|Any CPU
		{F0E1E86C-7B1F-4F1C-B9D9-4239CFBB3396}.Debug|Any CPU.ActiveCfg = Debug|Any CPU
		{F0E1E86C-7B1F-4F1C-B9D9-4239CFBB3396}.Debug|Any CPU.Build.0 = Debug|Any CPU
		{F0E1E86C-7B1F-4F1C-B9D9-4239CFBB3396}.Release|Any CPU.ActiveCfg = Release|Any CPU
		{F0E1E86C-7B1F-4F1C-B9D9-4239CFBB3396}.Release|Any CPU.Build.0 = Release|Any CPU
		{2D1C34E3-8E80-4812-85EF-C2842623D896}.Debug|Any CPU.ActiveCfg = Debug|Any CPU
		{2D1C34E3-8E80-4812-85EF-C2842623D896}.Debug|Any CPU.Build.0 = Debug|Any CPU
		{2D1C34E3-8E80-4812-85EF-C2842623D896}.Release|Any CPU.ActiveCfg = Release|Any CPU
		{2D1C34E3-8E80-4812-85EF-C2842623D896}.Release|Any CPU.Build.0 = Release|Any CPU
		{FB69CED9-B367-4992-9250-D774E5A7D444}.Debug|Any CPU.ActiveCfg = Debug|Any CPU
		{FB69CED9-B367-4992-9250-D774E5A7D444}.Debug|Any CPU.Build.0 = Debug|Any CPU
		{FB69CED9-B367-4992-9250-D774E5A7D444}.Release|Any CPU.ActiveCfg = Release|Any CPU
		{FB69CED9-B367-4992-9250-D774E5A7D444}.Release|Any CPU.Build.0 = Release|Any CPU
		{A78AB42F-1344-4140-8B75-EB508D5B88B7}.Debug|Any CPU.ActiveCfg = Debug|Any CPU
		{A78AB42F-1344-4140-8B75-EB508D5B88B7}.Debug|Any CPU.Build.0 = Debug|Any CPU
		{A78AB42F-1344-4140-8B75-EB508D5B88B7}.Release|Any CPU.ActiveCfg = Release|Any CPU
		{A78AB42F-1344-4140-8B75-EB508D5B88B7}.Release|Any CPU.Build.0 = Release|Any CPU
		{6BBC1100-DDB3-4123-9BA8-A6A2DA193B99}.Debug|Any CPU.ActiveCfg = Debug|Any CPU
		{6BBC1100-DDB3-4123-9BA8-A6A2DA193B99}.Debug|Any CPU.Build.0 = Debug|Any CPU
		{6BBC1100-DDB3-4123-9BA8-A6A2DA193B99}.Release|Any CPU.ActiveCfg = Release|Any CPU
		{6BBC1100-DDB3-4123-9BA8-A6A2DA193B99}.Release|Any CPU.Build.0 = Release|Any CPU
		{30C84EB4-C7F6-4C18-9392-AA13C3C22867}.Debug|Any CPU.ActiveCfg = Debug|Any CPU
		{30C84EB4-C7F6-4C18-9392-AA13C3C22867}.Debug|Any CPU.Build.0 = Debug|Any CPU
		{30C84EB4-C7F6-4C18-9392-AA13C3C22867}.Release|Any CPU.ActiveCfg = Release|Any CPU
		{30C84EB4-C7F6-4C18-9392-AA13C3C22867}.Release|Any CPU.Build.0 = Release|Any CPU
		{85E83F48-1EDB-4346-A6E8-427A8A033756}.Debug|Any CPU.ActiveCfg = Debug|Any CPU
		{85E83F48-1EDB-4346-A6E8-427A8A033756}.Debug|Any CPU.Build.0 = Debug|Any CPU
		{85E83F48-1EDB-4346-A6E8-427A8A033756}.Release|Any CPU.ActiveCfg = Release|Any CPU
		{85E83F48-1EDB-4346-A6E8-427A8A033756}.Release|Any CPU.Build.0 = Release|Any CPU
		{2716D400-CFB9-4661-8DBD-1DBE95C2D499}.Debug|Any CPU.ActiveCfg = Debug|Any CPU
		{2716D400-CFB9-4661-8DBD-1DBE95C2D499}.Debug|Any CPU.Build.0 = Debug|Any CPU
		{2716D400-CFB9-4661-8DBD-1DBE95C2D499}.Release|Any CPU.ActiveCfg = Release|Any CPU
		{2716D400-CFB9-4661-8DBD-1DBE95C2D499}.Release|Any CPU.Build.0 = Release|Any CPU
		{54847941-7DF0-45B9-B6EA-869141EA4B33}.Debug|Any CPU.ActiveCfg = Debug|Any CPU
		{54847941-7DF0-45B9-B6EA-869141EA4B33}.Debug|Any CPU.Build.0 = Debug|Any CPU
		{54847941-7DF0-45B9-B6EA-869141EA4B33}.Release|Any CPU.ActiveCfg = Release|Any CPU
		{54847941-7DF0-45B9-B6EA-869141EA4B33}.Release|Any CPU.Build.0 = Release|Any CPU
		{DD6A1860-E911-4FA3-BA91-57BB59F3D085}.Debug|Any CPU.ActiveCfg = Debug|Any CPU
		{DD6A1860-E911-4FA3-BA91-57BB59F3D085}.Debug|Any CPU.Build.0 = Debug|Any CPU
		{DD6A1860-E911-4FA3-BA91-57BB59F3D085}.Release|Any CPU.ActiveCfg = Release|Any CPU
		{DD6A1860-E911-4FA3-BA91-57BB59F3D085}.Release|Any CPU.Build.0 = Release|Any CPU
		{5AD331BA-06C4-4B48-81B0-F69F0135B63B}.Debug|Any CPU.ActiveCfg = Debug|Any CPU
		{5AD331BA-06C4-4B48-81B0-F69F0135B63B}.Debug|Any CPU.Build.0 = Debug|Any CPU
		{5AD331BA-06C4-4B48-81B0-F69F0135B63B}.Release|Any CPU.ActiveCfg = Release|Any CPU
		{5AD331BA-06C4-4B48-81B0-F69F0135B63B}.Release|Any CPU.Build.0 = Release|Any CPU
		{C09FBB8C-3DF8-44A3-B4C4-0C04DA39BF4D}.Debug|Any CPU.ActiveCfg = Debug|Any CPU
		{C09FBB8C-3DF8-44A3-B4C4-0C04DA39BF4D}.Debug|Any CPU.Build.0 = Debug|Any CPU
		{C09FBB8C-3DF8-44A3-B4C4-0C04DA39BF4D}.Release|Any CPU.ActiveCfg = Release|Any CPU
		{C09FBB8C-3DF8-44A3-B4C4-0C04DA39BF4D}.Release|Any CPU.Build.0 = Release|Any CPU
		{4CD1CF58-F484-4972-81C6-13517D294103}.Debug|Any CPU.ActiveCfg = Debug|Any CPU
		{4CD1CF58-F484-4972-81C6-13517D294103}.Debug|Any CPU.Build.0 = Debug|Any CPU
		{4CD1CF58-F484-4972-81C6-13517D294103}.Release|Any CPU.ActiveCfg = Release|Any CPU
		{4CD1CF58-F484-4972-81C6-13517D294103}.Release|Any CPU.Build.0 = Release|Any CPU
		{5B54BFA1-5660-4CCE-896A-EDC14B932D01}.Debug|Any CPU.ActiveCfg = Debug|Any CPU
		{5B54BFA1-5660-4CCE-896A-EDC14B932D01}.Debug|Any CPU.Build.0 = Debug|Any CPU
		{5B54BFA1-5660-4CCE-896A-EDC14B932D01}.Release|Any CPU.ActiveCfg = Release|Any CPU
		{5B54BFA1-5660-4CCE-896A-EDC14B932D01}.Release|Any CPU.Build.0 = Release|Any CPU
		{B2CFF851-0D62-4728-B1B2-A40AFF75FC6B}.Debug|Any CPU.ActiveCfg = Debug|Any CPU
		{B2CFF851-0D62-4728-B1B2-A40AFF75FC6B}.Debug|Any CPU.Build.0 = Debug|Any CPU
		{B2CFF851-0D62-4728-B1B2-A40AFF75FC6B}.Release|Any CPU.ActiveCfg = Release|Any CPU
		{B2CFF851-0D62-4728-B1B2-A40AFF75FC6B}.Release|Any CPU.Build.0 = Release|Any CPU
		{03108DA5-39DD-4A5F-B4CD-B749F193E3C5}.Debug|Any CPU.ActiveCfg = Debug|Any CPU
		{03108DA5-39DD-4A5F-B4CD-B749F193E3C5}.Debug|Any CPU.Build.0 = Debug|Any CPU
		{03108DA5-39DD-4A5F-B4CD-B749F193E3C5}.Release|Any CPU.ActiveCfg = Release|Any CPU
		{03108DA5-39DD-4A5F-B4CD-B749F193E3C5}.Release|Any CPU.Build.0 = Release|Any CPU
		{96D143E4-FAFD-4EBC-A77C-7F1816ECB898}.Debug|Any CPU.ActiveCfg = Debug|Any CPU
		{96D143E4-FAFD-4EBC-A77C-7F1816ECB898}.Debug|Any CPU.Build.0 = Debug|Any CPU
		{96D143E4-FAFD-4EBC-A77C-7F1816ECB898}.Release|Any CPU.ActiveCfg = Release|Any CPU
		{96D143E4-FAFD-4EBC-A77C-7F1816ECB898}.Release|Any CPU.Build.0 = Release|Any CPU
		{029129FB-DAE8-481B-9DE0-CF2EBBB01E91}.Debug|Any CPU.ActiveCfg = Debug|Any CPU
		{029129FB-DAE8-481B-9DE0-CF2EBBB01E91}.Debug|Any CPU.Build.0 = Debug|Any CPU
		{029129FB-DAE8-481B-9DE0-CF2EBBB01E91}.Release|Any CPU.ActiveCfg = Release|Any CPU
		{029129FB-DAE8-481B-9DE0-CF2EBBB01E91}.Release|Any CPU.Build.0 = Release|Any CPU
		{F76F7B6C-41F5-4386-86D7-D7C3D49157EB}.Debug|Any CPU.ActiveCfg = Debug|Any CPU
		{F76F7B6C-41F5-4386-86D7-D7C3D49157EB}.Debug|Any CPU.Build.0 = Debug|Any CPU
		{F76F7B6C-41F5-4386-86D7-D7C3D49157EB}.Release|Any CPU.ActiveCfg = Release|Any CPU
		{F76F7B6C-41F5-4386-86D7-D7C3D49157EB}.Release|Any CPU.Build.0 = Release|Any CPU
		{D45A8DDB-FD16-4225-94E0-65102C917CF1}.Debug|Any CPU.ActiveCfg = Debug|Any CPU
		{D45A8DDB-FD16-4225-94E0-65102C917CF1}.Debug|Any CPU.Build.0 = Debug|Any CPU
		{D45A8DDB-FD16-4225-94E0-65102C917CF1}.Release|Any CPU.ActiveCfg = Release|Any CPU
		{D45A8DDB-FD16-4225-94E0-65102C917CF1}.Release|Any CPU.Build.0 = Release|Any CPU
		{EC50DB33-0209-423C-B05D-320457265978}.Debug|Any CPU.ActiveCfg = Debug|Any CPU
		{EC50DB33-0209-423C-B05D-320457265978}.Debug|Any CPU.Build.0 = Debug|Any CPU
		{EC50DB33-0209-423C-B05D-320457265978}.Release|Any CPU.ActiveCfg = Release|Any CPU
		{EC50DB33-0209-423C-B05D-320457265978}.Release|Any CPU.Build.0 = Release|Any CPU
		{01ADEE95-9A26-4252-9B71-60F636A2C264}.Debug|Any CPU.ActiveCfg = Debug|Any CPU
		{01ADEE95-9A26-4252-9B71-60F636A2C264}.Debug|Any CPU.Build.0 = Debug|Any CPU
		{01ADEE95-9A26-4252-9B71-60F636A2C264}.Release|Any CPU.ActiveCfg = Release|Any CPU
		{01ADEE95-9A26-4252-9B71-60F636A2C264}.Release|Any CPU.Build.0 = Release|Any CPU
		{22646132-7DA6-4F39-9708-3D69F26D3CF6}.Debug|Any CPU.ActiveCfg = Debug|Any CPU
		{22646132-7DA6-4F39-9708-3D69F26D3CF6}.Debug|Any CPU.Build.0 = Debug|Any CPU
		{22646132-7DA6-4F39-9708-3D69F26D3CF6}.Release|Any CPU.ActiveCfg = Release|Any CPU
		{22646132-7DA6-4F39-9708-3D69F26D3CF6}.Release|Any CPU.Build.0 = Release|Any CPU
		{F48F6E19-9426-4507-B7CB-9840E5DA31D6}.Debug|Any CPU.ActiveCfg = Debug|Any CPU
		{F48F6E19-9426-4507-B7CB-9840E5DA31D6}.Debug|Any CPU.Build.0 = Debug|Any CPU
		{F48F6E19-9426-4507-B7CB-9840E5DA31D6}.Release|Any CPU.ActiveCfg = Release|Any CPU
		{F48F6E19-9426-4507-B7CB-9840E5DA31D6}.Release|Any CPU.Build.0 = Release|Any CPU
		{A70F28E2-7C79-48AE-BF63-642565F9E671}.Debug|Any CPU.ActiveCfg = Debug|Any CPU
		{A70F28E2-7C79-48AE-BF63-642565F9E671}.Debug|Any CPU.Build.0 = Debug|Any CPU
		{A70F28E2-7C79-48AE-BF63-642565F9E671}.Release|Any CPU.ActiveCfg = Release|Any CPU
		{A70F28E2-7C79-48AE-BF63-642565F9E671}.Release|Any CPU.Build.0 = Release|Any CPU
		{D7FBF794-D5E8-4D75-BA0E-AE8C50FE2993}.Debug|Any CPU.ActiveCfg = Debug|Any CPU
		{D7FBF794-D5E8-4D75-BA0E-AE8C50FE2993}.Debug|Any CPU.Build.0 = Debug|Any CPU
		{D7FBF794-D5E8-4D75-BA0E-AE8C50FE2993}.Release|Any CPU.ActiveCfg = Release|Any CPU
		{D7FBF794-D5E8-4D75-BA0E-AE8C50FE2993}.Release|Any CPU.Build.0 = Release|Any CPU
		{1A8AA1D2-A267-413F-9450-64129B5BCA3E}.Debug|Any CPU.ActiveCfg = Debug|Any CPU
		{1A8AA1D2-A267-413F-9450-64129B5BCA3E}.Debug|Any CPU.Build.0 = Debug|Any CPU
		{1A8AA1D2-A267-413F-9450-64129B5BCA3E}.Release|Any CPU.ActiveCfg = Release|Any CPU
		{1A8AA1D2-A267-413F-9450-64129B5BCA3E}.Release|Any CPU.Build.0 = Release|Any CPU
		{6A11C6F4-699C-494A-9161-8C459B9078F8}.Debug|Any CPU.ActiveCfg = Debug|Any CPU
		{6A11C6F4-699C-494A-9161-8C459B9078F8}.Debug|Any CPU.Build.0 = Debug|Any CPU
		{6A11C6F4-699C-494A-9161-8C459B9078F8}.Release|Any CPU.ActiveCfg = Release|Any CPU
		{6A11C6F4-699C-494A-9161-8C459B9078F8}.Release|Any CPU.Build.0 = Release|Any CPU
		{53B4D86D-15B0-4D2E-8BB3-7BEE3B28FF58}.Debug|Any CPU.ActiveCfg = Debug|Any CPU
		{53B4D86D-15B0-4D2E-8BB3-7BEE3B28FF58}.Debug|Any CPU.Build.0 = Debug|Any CPU
		{53B4D86D-15B0-4D2E-8BB3-7BEE3B28FF58}.Release|Any CPU.ActiveCfg = Release|Any CPU
		{53B4D86D-15B0-4D2E-8BB3-7BEE3B28FF58}.Release|Any CPU.Build.0 = Release|Any CPU
		{C94846C3-D642-4B81-99E6-6ABDB76CDF72}.Debug|Any CPU.ActiveCfg = Debug|Any CPU
		{C94846C3-D642-4B81-99E6-6ABDB76CDF72}.Debug|Any CPU.Build.0 = Debug|Any CPU
		{C94846C3-D642-4B81-99E6-6ABDB76CDF72}.Release|Any CPU.ActiveCfg = Release|Any CPU
		{C94846C3-D642-4B81-99E6-6ABDB76CDF72}.Release|Any CPU.Build.0 = Release|Any CPU
		{6F472AA8-7079-46A5-952C-21B193A4BD7A}.Debug|Any CPU.ActiveCfg = Debug|Any CPU
		{6F472AA8-7079-46A5-952C-21B193A4BD7A}.Debug|Any CPU.Build.0 = Debug|Any CPU
		{6F472AA8-7079-46A5-952C-21B193A4BD7A}.Release|Any CPU.ActiveCfg = Release|Any CPU
		{6F472AA8-7079-46A5-952C-21B193A4BD7A}.Release|Any CPU.Build.0 = Release|Any CPU
		{89A67970-B7E4-4B9C-8748-B79C353219E7}.Debug|Any CPU.ActiveCfg = Debug|Any CPU
		{89A67970-B7E4-4B9C-8748-B79C353219E7}.Debug|Any CPU.Build.0 = Debug|Any CPU
		{89A67970-B7E4-4B9C-8748-B79C353219E7}.Release|Any CPU.ActiveCfg = Release|Any CPU
		{89A67970-B7E4-4B9C-8748-B79C353219E7}.Release|Any CPU.Build.0 = Release|Any CPU
		{48D5D13B-235C-4A62-8E24-5E77DF83974A}.Debug|Any CPU.ActiveCfg = Debug|Any CPU
		{48D5D13B-235C-4A62-8E24-5E77DF83974A}.Debug|Any CPU.Build.0 = Debug|Any CPU
		{48D5D13B-235C-4A62-8E24-5E77DF83974A}.Release|Any CPU.ActiveCfg = Release|Any CPU
		{48D5D13B-235C-4A62-8E24-5E77DF83974A}.Release|Any CPU.Build.0 = Release|Any CPU
		{91754C81-9A6B-451F-94EE-B59A6836E66D}.Debug|Any CPU.ActiveCfg = Debug|Any CPU
		{91754C81-9A6B-451F-94EE-B59A6836E66D}.Debug|Any CPU.Build.0 = Debug|Any CPU
		{91754C81-9A6B-451F-94EE-B59A6836E66D}.Release|Any CPU.ActiveCfg = Release|Any CPU
		{91754C81-9A6B-451F-94EE-B59A6836E66D}.Release|Any CPU.Build.0 = Release|Any CPU
		{15B98EED-A5E2-48B5-AE24-F279AFF59698}.Debug|Any CPU.ActiveCfg = Debug|Any CPU
		{15B98EED-A5E2-48B5-AE24-F279AFF59698}.Debug|Any CPU.Build.0 = Debug|Any CPU
		{15B98EED-A5E2-48B5-AE24-F279AFF59698}.Release|Any CPU.ActiveCfg = Release|Any CPU
		{15B98EED-A5E2-48B5-AE24-F279AFF59698}.Release|Any CPU.Build.0 = Release|Any CPU
		{2A8939BB-DD76-49F3-AF36-FC8BBB53B522}.Debug|Any CPU.ActiveCfg = Debug|Any CPU
		{2A8939BB-DD76-49F3-AF36-FC8BBB53B522}.Debug|Any CPU.Build.0 = Debug|Any CPU
		{2A8939BB-DD76-49F3-AF36-FC8BBB53B522}.Release|Any CPU.ActiveCfg = Release|Any CPU
		{2A8939BB-DD76-49F3-AF36-FC8BBB53B522}.Release|Any CPU.Build.0 = Release|Any CPU
		{FB3082A0-9F70-4D0B-B263-17A24AFB5C66}.Debug|Any CPU.ActiveCfg = Debug|Any CPU
		{FB3082A0-9F70-4D0B-B263-17A24AFB5C66}.Debug|Any CPU.Build.0 = Debug|Any CPU
		{FB3082A0-9F70-4D0B-B263-17A24AFB5C66}.Release|Any CPU.ActiveCfg = Release|Any CPU
		{FB3082A0-9F70-4D0B-B263-17A24AFB5C66}.Release|Any CPU.Build.0 = Release|Any CPU
		{7F6B376E-CAE4-4EFD-ADCB-DEC02A581B39}.Debug|Any CPU.ActiveCfg = Debug|Any CPU
		{7F6B376E-CAE4-4EFD-ADCB-DEC02A581B39}.Debug|Any CPU.Build.0 = Debug|Any CPU
		{7F6B376E-CAE4-4EFD-ADCB-DEC02A581B39}.Release|Any CPU.ActiveCfg = Release|Any CPU
		{7F6B376E-CAE4-4EFD-ADCB-DEC02A581B39}.Release|Any CPU.Build.0 = Release|Any CPU
		{66578469-DE23-4114-89DE-E9795DE0B8D5}.Debug|Any CPU.ActiveCfg = Debug|Any CPU
		{66578469-DE23-4114-89DE-E9795DE0B8D5}.Debug|Any CPU.Build.0 = Debug|Any CPU
		{66578469-DE23-4114-89DE-E9795DE0B8D5}.Release|Any CPU.ActiveCfg = Release|Any CPU
		{66578469-DE23-4114-89DE-E9795DE0B8D5}.Release|Any CPU.Build.0 = Release|Any CPU
		{0B8A879E-51FF-4F6E-9F95-3150F82ED133}.Debug|Any CPU.ActiveCfg = Debug|Any CPU
		{0B8A879E-51FF-4F6E-9F95-3150F82ED133}.Debug|Any CPU.Build.0 = Debug|Any CPU
		{0B8A879E-51FF-4F6E-9F95-3150F82ED133}.Release|Any CPU.ActiveCfg = Release|Any CPU
		{0B8A879E-51FF-4F6E-9F95-3150F82ED133}.Release|Any CPU.Build.0 = Release|Any CPU
		{6D6FC36D-7CD1-49B6-BE70-D130B2800E3F}.Debug|Any CPU.ActiveCfg = Debug|Any CPU
		{6D6FC36D-7CD1-49B6-BE70-D130B2800E3F}.Debug|Any CPU.Build.0 = Debug|Any CPU
		{6D6FC36D-7CD1-49B6-BE70-D130B2800E3F}.Release|Any CPU.ActiveCfg = Release|Any CPU
		{6D6FC36D-7CD1-49B6-BE70-D130B2800E3F}.Release|Any CPU.Build.0 = Release|Any CPU
		{C1AFB897-7867-4978-A6D5-BBB0B09E50D5}.Debug|Any CPU.ActiveCfg = Debug|Any CPU
		{C1AFB897-7867-4978-A6D5-BBB0B09E50D5}.Debug|Any CPU.Build.0 = Debug|Any CPU
		{C1AFB897-7867-4978-A6D5-BBB0B09E50D5}.Release|Any CPU.ActiveCfg = Release|Any CPU
		{C1AFB897-7867-4978-A6D5-BBB0B09E50D5}.Release|Any CPU.Build.0 = Release|Any CPU
		{32F709DA-27FB-4957-8A66-E3FF10C77D8E}.Debug|Any CPU.ActiveCfg = Debug|Any CPU
		{32F709DA-27FB-4957-8A66-E3FF10C77D8E}.Debug|Any CPU.Build.0 = Debug|Any CPU
		{32F709DA-27FB-4957-8A66-E3FF10C77D8E}.Release|Any CPU.ActiveCfg = Release|Any CPU
		{32F709DA-27FB-4957-8A66-E3FF10C77D8E}.Release|Any CPU.Build.0 = Release|Any CPU
		{216194A7-70C0-41CB-A514-5A2E34653482}.Debug|Any CPU.ActiveCfg = Debug|Any CPU
		{216194A7-70C0-41CB-A514-5A2E34653482}.Debug|Any CPU.Build.0 = Debug|Any CPU
		{216194A7-70C0-41CB-A514-5A2E34653482}.Release|Any CPU.ActiveCfg = Release|Any CPU
		{216194A7-70C0-41CB-A514-5A2E34653482}.Release|Any CPU.Build.0 = Release|Any CPU
		{5A055B03-70C2-4D14-B915-F40780CA113C}.Debug|Any CPU.ActiveCfg = Debug|Any CPU
		{5A055B03-70C2-4D14-B915-F40780CA113C}.Debug|Any CPU.Build.0 = Debug|Any CPU
		{5A055B03-70C2-4D14-B915-F40780CA113C}.Release|Any CPU.ActiveCfg = Release|Any CPU
		{5A055B03-70C2-4D14-B915-F40780CA113C}.Release|Any CPU.Build.0 = Release|Any CPU
		{A2106B33-458E-4AA9-A83C-706725096668}.Debug|Any CPU.ActiveCfg = Debug|Any CPU
		{A2106B33-458E-4AA9-A83C-706725096668}.Debug|Any CPU.Build.0 = Debug|Any CPU
		{A2106B33-458E-4AA9-A83C-706725096668}.Release|Any CPU.ActiveCfg = Release|Any CPU
		{A2106B33-458E-4AA9-A83C-706725096668}.Release|Any CPU.Build.0 = Release|Any CPU
		{4DC3ED9D-FA15-4F72-ACEA-9E3E0030BA94}.Debug|Any CPU.ActiveCfg = Debug|Any CPU
		{4DC3ED9D-FA15-4F72-ACEA-9E3E0030BA94}.Debug|Any CPU.Build.0 = Debug|Any CPU
		{4DC3ED9D-FA15-4F72-ACEA-9E3E0030BA94}.Release|Any CPU.ActiveCfg = Release|Any CPU
		{4DC3ED9D-FA15-4F72-ACEA-9E3E0030BA94}.Release|Any CPU.Build.0 = Release|Any CPU
		{0020FDA6-7E14-4723-8BC5-ABD160C451DC}.Debug|Any CPU.ActiveCfg = Debug|Any CPU
		{0020FDA6-7E14-4723-8BC5-ABD160C451DC}.Debug|Any CPU.Build.0 = Debug|Any CPU
		{0020FDA6-7E14-4723-8BC5-ABD160C451DC}.Release|Any CPU.ActiveCfg = Release|Any CPU
		{0020FDA6-7E14-4723-8BC5-ABD160C451DC}.Release|Any CPU.Build.0 = Release|Any CPU
		{B91CAC34-84FE-4B0F-BB7A-26B5AD7C1557}.Debug|Any CPU.ActiveCfg = Debug|Any CPU
		{B91CAC34-84FE-4B0F-BB7A-26B5AD7C1557}.Debug|Any CPU.Build.0 = Debug|Any CPU
		{B91CAC34-84FE-4B0F-BB7A-26B5AD7C1557}.Release|Any CPU.ActiveCfg = Release|Any CPU
		{B91CAC34-84FE-4B0F-BB7A-26B5AD7C1557}.Release|Any CPU.Build.0 = Release|Any CPU
		{9C61F946-2F81-4BA2-8F79-EF68ED9C852E}.Debug|Any CPU.ActiveCfg = Debug|Any CPU
		{9C61F946-2F81-4BA2-8F79-EF68ED9C852E}.Debug|Any CPU.Build.0 = Debug|Any CPU
		{9C61F946-2F81-4BA2-8F79-EF68ED9C852E}.Release|Any CPU.ActiveCfg = Release|Any CPU
		{9C61F946-2F81-4BA2-8F79-EF68ED9C852E}.Release|Any CPU.Build.0 = Release|Any CPU
		{D3FA51ED-B3F2-4C9D-92D4-E06173F1364A}.Debug|Any CPU.ActiveCfg = Debug|Any CPU
		{D3FA51ED-B3F2-4C9D-92D4-E06173F1364A}.Debug|Any CPU.Build.0 = Debug|Any CPU
		{D3FA51ED-B3F2-4C9D-92D4-E06173F1364A}.Release|Any CPU.ActiveCfg = Release|Any CPU
		{D3FA51ED-B3F2-4C9D-92D4-E06173F1364A}.Release|Any CPU.Build.0 = Release|Any CPU
		{83BF39E2-089B-4F5F-A69B-61D620F480B5}.Debug|Any CPU.ActiveCfg = Debug|Any CPU
		{83BF39E2-089B-4F5F-A69B-61D620F480B5}.Debug|Any CPU.Build.0 = Debug|Any CPU
		{83BF39E2-089B-4F5F-A69B-61D620F480B5}.Release|Any CPU.ActiveCfg = Release|Any CPU
		{83BF39E2-089B-4F5F-A69B-61D620F480B5}.Release|Any CPU.Build.0 = Release|Any CPU
		{CD540507-14E3-4228-8EFA-63B8A51FB036}.Debug|Any CPU.ActiveCfg = Debug|Any CPU
		{CD540507-14E3-4228-8EFA-63B8A51FB036}.Debug|Any CPU.Build.0 = Debug|Any CPU
		{CD540507-14E3-4228-8EFA-63B8A51FB036}.Release|Any CPU.ActiveCfg = Release|Any CPU
		{CD540507-14E3-4228-8EFA-63B8A51FB036}.Release|Any CPU.Build.0 = Release|Any CPU
		{4EE7BF06-4B0E-4973-B271-EBC2087943FA}.Debug|Any CPU.ActiveCfg = Debug|Any CPU
		{4EE7BF06-4B0E-4973-B271-EBC2087943FA}.Debug|Any CPU.Build.0 = Debug|Any CPU
		{4EE7BF06-4B0E-4973-B271-EBC2087943FA}.Release|Any CPU.ActiveCfg = Release|Any CPU
		{4EE7BF06-4B0E-4973-B271-EBC2087943FA}.Release|Any CPU.Build.0 = Release|Any CPU
		{B56F0329-2AA6-44EF-AFC9-4294C22B2374}.Debug|Any CPU.ActiveCfg = Debug|Any CPU
		{B56F0329-2AA6-44EF-AFC9-4294C22B2374}.Debug|Any CPU.Build.0 = Debug|Any CPU
		{B56F0329-2AA6-44EF-AFC9-4294C22B2374}.Release|Any CPU.ActiveCfg = Release|Any CPU
		{B56F0329-2AA6-44EF-AFC9-4294C22B2374}.Release|Any CPU.Build.0 = Release|Any CPU
		{1ADC3C7D-D73C-4730-A523-4D21F78CBB90}.Debug|Any CPU.ActiveCfg = Debug|Any CPU
		{1ADC3C7D-D73C-4730-A523-4D21F78CBB90}.Debug|Any CPU.Build.0 = Debug|Any CPU
		{1ADC3C7D-D73C-4730-A523-4D21F78CBB90}.Release|Any CPU.ActiveCfg = Release|Any CPU
		{1ADC3C7D-D73C-4730-A523-4D21F78CBB90}.Release|Any CPU.Build.0 = Release|Any CPU
		{72330C21-4C30-41FE-87D1-32625128155B}.Debug|Any CPU.ActiveCfg = Debug|Any CPU
		{72330C21-4C30-41FE-87D1-32625128155B}.Debug|Any CPU.Build.0 = Debug|Any CPU
		{72330C21-4C30-41FE-87D1-32625128155B}.Release|Any CPU.ActiveCfg = Release|Any CPU
		{72330C21-4C30-41FE-87D1-32625128155B}.Release|Any CPU.Build.0 = Release|Any CPU
		{EAF5EE67-FE41-451E-86D7-6A605EB157F5}.Debug|Any CPU.ActiveCfg = Debug|Any CPU
		{EAF5EE67-FE41-451E-86D7-6A605EB157F5}.Debug|Any CPU.Build.0 = Debug|Any CPU
		{EAF5EE67-FE41-451E-86D7-6A605EB157F5}.Release|Any CPU.ActiveCfg = Release|Any CPU
		{EAF5EE67-FE41-451E-86D7-6A605EB157F5}.Release|Any CPU.Build.0 = Release|Any CPU
		{825146A7-8DEF-49F5-BA59-C8636DB36E67}.Debug|Any CPU.ActiveCfg = Debug|Any CPU
		{825146A7-8DEF-49F5-BA59-C8636DB36E67}.Debug|Any CPU.Build.0 = Debug|Any CPU
		{825146A7-8DEF-49F5-BA59-C8636DB36E67}.Release|Any CPU.ActiveCfg = Release|Any CPU
		{825146A7-8DEF-49F5-BA59-C8636DB36E67}.Release|Any CPU.Build.0 = Release|Any CPU
		{7F27EB92-1520-469A-9545-371EF2DDD5FA}.Debug|Any CPU.ActiveCfg = Debug|Any CPU
		{7F27EB92-1520-469A-9545-371EF2DDD5FA}.Debug|Any CPU.Build.0 = Debug|Any CPU
		{7F27EB92-1520-469A-9545-371EF2DDD5FA}.Release|Any CPU.ActiveCfg = Release|Any CPU
		{7F27EB92-1520-469A-9545-371EF2DDD5FA}.Release|Any CPU.Build.0 = Release|Any CPU
		{35B9DD96-DDE9-4AD6-8670-1B7DD70A30C5}.Debug|Any CPU.ActiveCfg = Debug|Any CPU
		{35B9DD96-DDE9-4AD6-8670-1B7DD70A30C5}.Debug|Any CPU.Build.0 = Debug|Any CPU
		{35B9DD96-DDE9-4AD6-8670-1B7DD70A30C5}.Release|Any CPU.ActiveCfg = Release|Any CPU
		{35B9DD96-DDE9-4AD6-8670-1B7DD70A30C5}.Release|Any CPU.Build.0 = Release|Any CPU
		{61BF9B3D-A1E7-45AD-BC59-F51A9068DCFE}.Debug|Any CPU.ActiveCfg = Debug|Any CPU
		{61BF9B3D-A1E7-45AD-BC59-F51A9068DCFE}.Debug|Any CPU.Build.0 = Debug|Any CPU
		{61BF9B3D-A1E7-45AD-BC59-F51A9068DCFE}.Release|Any CPU.ActiveCfg = Release|Any CPU
		{61BF9B3D-A1E7-45AD-BC59-F51A9068DCFE}.Release|Any CPU.Build.0 = Release|Any CPU
		{4E0D1AC5-DFE7-482D-A96F-229CEBB0D0CB}.Debug|Any CPU.ActiveCfg = Debug|Any CPU
		{4E0D1AC5-DFE7-482D-A96F-229CEBB0D0CB}.Debug|Any CPU.Build.0 = Debug|Any CPU
		{4E0D1AC5-DFE7-482D-A96F-229CEBB0D0CB}.Release|Any CPU.ActiveCfg = Release|Any CPU
		{4E0D1AC5-DFE7-482D-A96F-229CEBB0D0CB}.Release|Any CPU.Build.0 = Release|Any CPU
		{9007B162-20CD-42F4-9EC3-B153B9A34BEB}.Debug|Any CPU.ActiveCfg = Debug|Any CPU
		{9007B162-20CD-42F4-9EC3-B153B9A34BEB}.Debug|Any CPU.Build.0 = Debug|Any CPU
		{9007B162-20CD-42F4-9EC3-B153B9A34BEB}.Release|Any CPU.ActiveCfg = Release|Any CPU
		{9007B162-20CD-42F4-9EC3-B153B9A34BEB}.Release|Any CPU.Build.0 = Release|Any CPU
		{48D47848-0E5B-47A2-AED9-1DE427A1B31E}.Debug|Any CPU.ActiveCfg = Debug|Any CPU
		{48D47848-0E5B-47A2-AED9-1DE427A1B31E}.Debug|Any CPU.Build.0 = Debug|Any CPU
		{48D47848-0E5B-47A2-AED9-1DE427A1B31E}.Release|Any CPU.ActiveCfg = Release|Any CPU
		{48D47848-0E5B-47A2-AED9-1DE427A1B31E}.Release|Any CPU.Build.0 = Release|Any CPU
		{C47FD0D1-DA0C-49F3-B964-995DC2CAB9C2}.Debug|Any CPU.ActiveCfg = Debug|Any CPU
		{C47FD0D1-DA0C-49F3-B964-995DC2CAB9C2}.Debug|Any CPU.Build.0 = Debug|Any CPU
		{C47FD0D1-DA0C-49F3-B964-995DC2CAB9C2}.Release|Any CPU.ActiveCfg = Release|Any CPU
		{C47FD0D1-DA0C-49F3-B964-995DC2CAB9C2}.Release|Any CPU.Build.0 = Release|Any CPU
		{17C09B92-D893-48B5-8A4E-B982912BB94A}.Debug|Any CPU.ActiveCfg = Debug|Any CPU
		{17C09B92-D893-48B5-8A4E-B982912BB94A}.Debug|Any CPU.Build.0 = Debug|Any CPU
		{17C09B92-D893-48B5-8A4E-B982912BB94A}.Release|Any CPU.ActiveCfg = Release|Any CPU
		{17C09B92-D893-48B5-8A4E-B982912BB94A}.Release|Any CPU.Build.0 = Release|Any CPU
		{B503A1F4-AE39-4F12-A6E7-6B339D6150B5}.Debug|Any CPU.ActiveCfg = Debug|Any CPU
		{B503A1F4-AE39-4F12-A6E7-6B339D6150B5}.Debug|Any CPU.Build.0 = Debug|Any CPU
		{B503A1F4-AE39-4F12-A6E7-6B339D6150B5}.Release|Any CPU.ActiveCfg = Release|Any CPU
		{B503A1F4-AE39-4F12-A6E7-6B339D6150B5}.Release|Any CPU.Build.0 = Release|Any CPU
		{F67A2779-10B3-4277-BDF5-98AE33CD12FE}.Debug|Any CPU.ActiveCfg = Debug|Any CPU
		{F67A2779-10B3-4277-BDF5-98AE33CD12FE}.Debug|Any CPU.Build.0 = Debug|Any CPU
		{F67A2779-10B3-4277-BDF5-98AE33CD12FE}.Release|Any CPU.ActiveCfg = Release|Any CPU
		{F67A2779-10B3-4277-BDF5-98AE33CD12FE}.Release|Any CPU.Build.0 = Release|Any CPU
		{01B027F6-90BB-48EE-9E6D-A998DE14097D}.Debug|Any CPU.ActiveCfg = Debug|Any CPU
		{01B027F6-90BB-48EE-9E6D-A998DE14097D}.Debug|Any CPU.Build.0 = Debug|Any CPU
		{01B027F6-90BB-48EE-9E6D-A998DE14097D}.Release|Any CPU.ActiveCfg = Release|Any CPU
		{01B027F6-90BB-48EE-9E6D-A998DE14097D}.Release|Any CPU.Build.0 = Release|Any CPU
		{28100FD7-C4E4-47A3-98AA-8DF420BE1751}.Debug|Any CPU.ActiveCfg = Debug|Any CPU
		{28100FD7-C4E4-47A3-98AA-8DF420BE1751}.Debug|Any CPU.Build.0 = Debug|Any CPU
		{28100FD7-C4E4-47A3-98AA-8DF420BE1751}.Release|Any CPU.ActiveCfg = Release|Any CPU
		{28100FD7-C4E4-47A3-98AA-8DF420BE1751}.Release|Any CPU.Build.0 = Release|Any CPU
	EndGlobalSection
	GlobalSection(SolutionProperties) = preSolution
		HideSolutionNode = FALSE
	EndGlobalSection
	GlobalSection(ExtensibilityGlobals) = postSolution
		SolutionGuid = {3B0839A6-BFAB-4785-B3C8-4AA0168D8D92}
	EndGlobalSection
EndGlobal
