
Microsoft Visual Studio Solution File, Format Version 12.00
# Visual Studio Version 17
VisualStudioVersion = 17.10.35013.160
MinimumVisualStudioVersion = 10.0.40219.1
Project("{9A19103F-16F7-4668-BE54-9A1E7A4F7556}") = "01_TopLevelStatement", "01_TopLevelStatement\01_TopLevelStatement.csproj", "{FFC92BF6-9753-4A5C-83D8-840FC69244C3}"
EndProject
Project("{9A19103F-16F7-4668-BE54-9A1E7A4F7556}") = "02_FileScopedNamespace", "02_FileScopedNamespace\02_FileScopedNamespace.csproj", "{BDD99027-C39F-4CDF-94E7-0A83847DFA1C}"
EndProject
Project("{9A19103F-16F7-4668-BE54-9A1E7A4F7556}") = "03_GlobalDirective", "03_GlobalDirective\03_GlobalDirective.csproj", "{469407C5-D726-41B3-9F60-E03DEA8DBCC2}"
EndProject
Project("{9A19103F-16F7-4668-BE54-9A1E7A4F7556}") = "04_ModuleInitializer", "04_ModuleInitializer\04_ModuleInitializer.csproj", "{1CCC2970-12BB-479D-A5AB-565371764B8A}"
EndProject
Project("{9A19103F-16F7-4668-BE54-9A1E7A4F7556}") = "05_NullReferenceType", "05_NullReferenceType\05_NullReferenceType.csproj", "{CB3673CF-84F4-4B12-BEDA-B237F513329A}"
EndProject
Project("{9A19103F-16F7-4668-BE54-9A1E7A4F7556}") = "06_NullForgivingOperator", "06_NullForgivingOperator\06_NullForgivingOperator.csproj", "{3FC2C98E-4DB7-4E4B-8626-40E73F17949D}"
EndProject
Project("{9A19103F-16F7-4668-BE54-9A1E7A4F7556}") = "07_ThreadingApp", "07_ThreadingApp\07_ThreadingApp.csproj", "{DADB07AF-7B65-4CB6-8EFE-92B26C4B2DAE}"
EndProject
Project("{9A19103F-16F7-4668-BE54-9A1E7A4F7556}") = "08_ThreadProperties", "08_ThreadProperties\08_ThreadProperties.csproj", "{EB21B543-E228-4D73-AF5D-6CF9AF534584}"
EndProject
Project("{9A19103F-16F7-4668-BE54-9A1E7A4F7556}") = "09_SingleThreadedApp", "09_SingleThreadedApp\09_SingleThreadedApp.csproj", "{F952C4BE-4C28-4A3D-ABF3-09624F6EE678}"
EndProject
Project("{9A19103F-16F7-4668-BE54-9A1E7A4F7556}") = "10_MultiThread", "10_MultiThread\10_MultiThread.csproj", "{92328403-20ED-48FC-AAF1-1B308130B19E}"
EndProject
Project("{9A19103F-16F7-4668-BE54-9A1E7A4F7556}") = "11_ThreadJoin", "11_ThreadJoin\11_ThreadJoin.csproj", "{8320A1E6-6203-47DE-BAED-03B3B78135D7}"
EndProject
Project("{FAE04EC0-301F-11D3-BF4B-00C04F79EFBC}") = "12_ThreadPriority", "12_ThreadPriority\12_ThreadPriority.csproj", "{CA0CCF2E-5C4A-48D6-B645-107E1F671C4A}"
EndProject
Project("{FAE04EC0-301F-11D3-BF4B-00C04F79EFBC}") = "13_ThreadInterrupt", "13_ThreadInterrupt\13_ThreadInterrupt.csproj", "{BA534442-C3F0-4AFD-9B9A-D0032576D782}"
EndProject
Project("{FAE04EC0-301F-11D3-BF4B-00C04F79EFBC}") = "14_ThreadParameters", "14_ThreadParameters\14_ThreadParameters.csproj", "{C49BE9BF-AB94-490E-93AE-1854832EB2E9}"
EndProject
Project("{FAE04EC0-301F-11D3-BF4B-00C04F79EFBC}") = "15_ParameterizedThreadStart", "15_ParameterizedThreadStart\15_ParameterizedThreadStart.csproj", "{E323D4B7-7E6F-498D-9638-4C291E6776AD}"
EndProject
Project("{FAE04EC0-301F-11D3-BF4B-00C04F79EFBC}") = "16_CustomThreadObject", "16_CustomThreadObject\16_CustomThreadObject.csproj", "{2D0F4F13-C1FD-4B82-B84B-593259A7D393}"
EndProject
Global
	GlobalSection(SolutionConfigurationPlatforms) = preSolution
		Debug|Any CPU = Debug|Any CPU
		Release|Any CPU = Release|Any CPU
	EndGlobalSection
	GlobalSection(ProjectConfigurationPlatforms) = postSolution
		{FFC92BF6-9753-4A5C-83D8-840FC69244C3}.Debug|Any CPU.ActiveCfg = Debug|Any CPU
		{FFC92BF6-9753-4A5C-83D8-840FC69244C3}.Debug|Any CPU.Build.0 = Debug|Any CPU
		{FFC92BF6-9753-4A5C-83D8-840FC69244C3}.Release|Any CPU.ActiveCfg = Release|Any CPU
		{FFC92BF6-9753-4A5C-83D8-840FC69244C3}.Release|Any CPU.Build.0 = Release|Any CPU
		{BDD99027-C39F-4CDF-94E7-0A83847DFA1C}.Debug|Any CPU.ActiveCfg = Debug|Any CPU
		{BDD99027-C39F-4CDF-94E7-0A83847DFA1C}.Debug|Any CPU.Build.0 = Debug|Any CPU
		{BDD99027-C39F-4CDF-94E7-0A83847DFA1C}.Release|Any CPU.ActiveCfg = Release|Any CPU
		{BDD99027-C39F-4CDF-94E7-0A83847DFA1C}.Release|Any CPU.Build.0 = Release|Any CPU
		{469407C5-D726-41B3-9F60-E03DEA8DBCC2}.Debug|Any CPU.ActiveCfg = Debug|Any CPU
		{469407C5-D726-41B3-9F60-E03DEA8DBCC2}.Debug|Any CPU.Build.0 = Debug|Any CPU
		{469407C5-D726-41B3-9F60-E03DEA8DBCC2}.Release|Any CPU.ActiveCfg = Release|Any CPU
		{469407C5-D726-41B3-9F60-E03DEA8DBCC2}.Release|Any CPU.Build.0 = Release|Any CPU
		{1CCC2970-12BB-479D-A5AB-565371764B8A}.Debug|Any CPU.ActiveCfg = Debug|Any CPU
		{1CCC2970-12BB-479D-A5AB-565371764B8A}.Debug|Any CPU.Build.0 = Debug|Any CPU
		{1CCC2970-12BB-479D-A5AB-565371764B8A}.Release|Any CPU.ActiveCfg = Release|Any CPU
		{1CCC2970-12BB-479D-A5AB-565371764B8A}.Release|Any CPU.Build.0 = Release|Any CPU
		{CB3673CF-84F4-4B12-BEDA-B237F513329A}.Debug|Any CPU.ActiveCfg = Debug|Any CPU
		{CB3673CF-84F4-4B12-BEDA-B237F513329A}.Debug|Any CPU.Build.0 = Debug|Any CPU
		{CB3673CF-84F4-4B12-BEDA-B237F513329A}.Release|Any CPU.ActiveCfg = Release|Any CPU
		{CB3673CF-84F4-4B12-BEDA-B237F513329A}.Release|Any CPU.Build.0 = Release|Any CPU
		{3FC2C98E-4DB7-4E4B-8626-40E73F17949D}.Debug|Any CPU.ActiveCfg = Debug|Any CPU
		{3FC2C98E-4DB7-4E4B-8626-40E73F17949D}.Debug|Any CPU.Build.0 = Debug|Any CPU
		{3FC2C98E-4DB7-4E4B-8626-40E73F17949D}.Release|Any CPU.ActiveCfg = Release|Any CPU
		{3FC2C98E-4DB7-4E4B-8626-40E73F17949D}.Release|Any CPU.Build.0 = Release|Any CPU
		{DADB07AF-7B65-4CB6-8EFE-92B26C4B2DAE}.Debug|Any CPU.ActiveCfg = Debug|Any CPU
		{DADB07AF-7B65-4CB6-8EFE-92B26C4B2DAE}.Debug|Any CPU.Build.0 = Debug|Any CPU
		{DADB07AF-7B65-4CB6-8EFE-92B26C4B2DAE}.Release|Any CPU.ActiveCfg = Release|Any CPU
		{DADB07AF-7B65-4CB6-8EFE-92B26C4B2DAE}.Release|Any CPU.Build.0 = Release|Any CPU
		{EB21B543-E228-4D73-AF5D-6CF9AF534584}.Debug|Any CPU.ActiveCfg = Debug|Any CPU
		{EB21B543-E228-4D73-AF5D-6CF9AF534584}.Debug|Any CPU.Build.0 = Debug|Any CPU
		{EB21B543-E228-4D73-AF5D-6CF9AF534584}.Release|Any CPU.ActiveCfg = Release|Any CPU
		{EB21B543-E228-4D73-AF5D-6CF9AF534584}.Release|Any CPU.Build.0 = Release|Any CPU
		{F952C4BE-4C28-4A3D-ABF3-09624F6EE678}.Debug|Any CPU.ActiveCfg = Debug|Any CPU
		{F952C4BE-4C28-4A3D-ABF3-09624F6EE678}.Debug|Any CPU.Build.0 = Debug|Any CPU
		{F952C4BE-4C28-4A3D-ABF3-09624F6EE678}.Release|Any CPU.ActiveCfg = Release|Any CPU
		{F952C4BE-4C28-4A3D-ABF3-09624F6EE678}.Release|Any CPU.Build.0 = Release|Any CPU
		{92328403-20ED-48FC-AAF1-1B308130B19E}.Debug|Any CPU.ActiveCfg = Debug|Any CPU
		{92328403-20ED-48FC-AAF1-1B308130B19E}.Debug|Any CPU.Build.0 = Debug|Any CPU
		{92328403-20ED-48FC-AAF1-1B308130B19E}.Release|Any CPU.ActiveCfg = Release|Any CPU
		{92328403-20ED-48FC-AAF1-1B308130B19E}.Release|Any CPU.Build.0 = Release|Any CPU
		{8320A1E6-6203-47DE-BAED-03B3B78135D7}.Debug|Any CPU.ActiveCfg = Debug|Any CPU
		{8320A1E6-6203-47DE-BAED-03B3B78135D7}.Debug|Any CPU.Build.0 = Debug|Any CPU
		{8320A1E6-6203-47DE-BAED-03B3B78135D7}.Release|Any CPU.ActiveCfg = Release|Any CPU
		{8320A1E6-6203-47DE-BAED-03B3B78135D7}.Release|Any CPU.Build.0 = Release|Any CPU
		{CA0CCF2E-5C4A-48D6-B645-107E1F671C4A}.Debug|Any CPU.ActiveCfg = Debug|Any CPU
		{CA0CCF2E-5C4A-48D6-B645-107E1F671C4A}.Debug|Any CPU.Build.0 = Debug|Any CPU
		{CA0CCF2E-5C4A-48D6-B645-107E1F671C4A}.Release|Any CPU.ActiveCfg = Release|Any CPU
		{CA0CCF2E-5C4A-48D6-B645-107E1F671C4A}.Release|Any CPU.Build.0 = Release|Any CPU
		{BA534442-C3F0-4AFD-9B9A-D0032576D782}.Debug|Any CPU.ActiveCfg = Debug|Any CPU
		{BA534442-C3F0-4AFD-9B9A-D0032576D782}.Debug|Any CPU.Build.0 = Debug|Any CPU
		{BA534442-C3F0-4AFD-9B9A-D0032576D782}.Release|Any CPU.ActiveCfg = Release|Any CPU
		{BA534442-C3F0-4AFD-9B9A-D0032576D782}.Release|Any CPU.Build.0 = Release|Any CPU
		{C49BE9BF-AB94-490E-93AE-1854832EB2E9}.Debug|Any CPU.ActiveCfg = Debug|Any CPU
		{C49BE9BF-AB94-490E-93AE-1854832EB2E9}.Debug|Any CPU.Build.0 = Debug|Any CPU
		{C49BE9BF-AB94-490E-93AE-1854832EB2E9}.Release|Any CPU.ActiveCfg = Release|Any CPU
		{C49BE9BF-AB94-490E-93AE-1854832EB2E9}.Release|Any CPU.Build.0 = Release|Any CPU
		{E323D4B7-7E6F-498D-9638-4C291E6776AD}.Debug|Any CPU.ActiveCfg = Debug|Any CPU
		{E323D4B7-7E6F-498D-9638-4C291E6776AD}.Debug|Any CPU.Build.0 = Debug|Any CPU
		{E323D4B7-7E6F-498D-9638-4C291E6776AD}.Release|Any CPU.ActiveCfg = Release|Any CPU
		{E323D4B7-7E6F-498D-9638-4C291E6776AD}.Release|Any CPU.Build.0 = Release|Any CPU
		{2D0F4F13-C1FD-4B82-B84B-593259A7D393}.Debug|Any CPU.ActiveCfg = Debug|Any CPU
		{2D0F4F13-C1FD-4B82-B84B-593259A7D393}.Debug|Any CPU.Build.0 = Debug|Any CPU
		{2D0F4F13-C1FD-4B82-B84B-593259A7D393}.Release|Any CPU.ActiveCfg = Release|Any CPU
		{2D0F4F13-C1FD-4B82-B84B-593259A7D393}.Release|Any CPU.Build.0 = Release|Any CPU
	EndGlobalSection
	GlobalSection(SolutionProperties) = preSolution
		HideSolutionNode = FALSE
	EndGlobalSection
	GlobalSection(ExtensibilityGlobals) = postSolution
		SolutionGuid = {40CF87C4-A5F4-408C-9393-B35FBEAAA861}
	EndGlobalSection
EndGlobal
